
Microsoft Visual Studio Solution File, Format Version 12.00
# Visual Studio 14
VisualStudioVersion = 14.0.25420.1
MinimumVisualStudioVersion = 10.0.40219.1
Project("{8BC9CEB8-8B4A-11D0-8D11-00A0C91BC942}") = "n1", "lab11\lab11.vcxproj", "{313CA90A-A221-4DE2-BE59-8F311DD9F472}"
EndProject
Project("{8BC9CEB8-8B4A-11D0-8D11-00A0C91BC942}") = "n2", "n2\n2.vcxproj", "{1FE7EDF3-92E1-4973-9434-42C936640F9A}"
EndProject
Project("{8BC9CEB8-8B4A-11D0-8D11-00A0C91BC942}") = "n3", "n3\n3.vcxproj", "{51466CFA-487F-4199-BA07-E307E03A9A11}"
EndProject
Project("{8BC9CEB8-8B4A-11D0-8D11-00A0C91BC942}") = "n4", "n4\n4.vcxproj", "{80E7A5F2-BEC9-4615-ABBB-AFAC867DAD64}"
EndProject
Project("{8BC9CEB8-8B4A-11D0-8D11-00A0C91BC942}") = "n5", "n5\n5.vcxproj", "{D9D7F93A-7330-4032-BD4F-6037218BDD9D}"
EndProject
Project("{8BC9CEB8-8B4A-11D0-8D11-00A0C91BC942}") = "n6", "n6\n6.vcxproj", "{DE5E9726-84F0-4008-86D5-31F61DC13594}"
EndProject
Project("{8BC9CEB8-8B4A-11D0-8D11-00A0C91BC942}") = "n7", "n7\n7.vcxproj", "{EE5321F0-00D9-4FCB-B4A8-7D2FA84D8974}"
EndProject
Project("{8BC9CEB8-8B4A-11D0-8D11-00A0C91BC942}") = "n8", "n8\n8.vcxproj", "{69CD4BBA-35A4-4CCA-A8FE-B5863D1B75F1}"
EndProject
Project("{8BC9CEB8-8B4A-11D0-8D11-00A0C91BC942}") = "n9", "n9\n9.vcxproj", "{79C4BC7C-3AAC-426A-86E4-98632DAD8D6C}"
EndProject
Project("{8BC9CEB8-8B4A-11D0-8D11-00A0C91BC942}") = "n10", "n10\n10.vcxproj", "{79758904-B1BE-4CBF-9CD6-4CC195234444}"
EndProject
Project("{8BC9CEB8-8B4A-11D0-8D11-00A0C91BC942}") = "n11", "n11\n11.vcxproj", "{2998DBED-47E2-46D1-BA4B-70A4C510C600}"
EndProject
Project("{8BC9CEB8-8B4A-11D0-8D11-00A0C91BC942}") = "n12 d", "n12\n12.vcxproj", "{C41B94F3-EB64-4D2D-A960-B2E26A8F1C03}"
EndProject
Project("{8BC9CEB8-8B4A-11D0-8D11-00A0C91BC942}") = "n13", "n13\n13.vcxproj", "{53B3BB6A-56CC-40F8-9CD8-3E122460BFAB}"
EndProject
Project("{8BC9CEB8-8B4A-11D0-8D11-00A0C91BC942}") = "n14", "n14\n14.vcxproj", "{07303ECA-EBFB-4C25-A58B-771A715ADCC0}"
EndProject
Project("{8BC9CEB8-8B4A-11D0-8D11-00A0C91BC942}") = "n15 d", "n15\n15.vcxproj", "{F340D9AD-73D9-4A56-9C45-FA09F20935A2}"
EndProject
Project("{8BC9CEB8-8B4A-11D0-8D11-00A0C91BC942}") = "n16", "n16\n16.vcxproj", "{4C599663-DCE6-4FB5-91FD-576412B4AF4B}"
EndProject
Project("{8BC9CEB8-8B4A-11D0-8D11-00A0C91BC942}") = "n17 dd", "n17\n17.vcxproj", "{F97C9698-B1CB-4BD5-AEC7-0642F92C40A7}"
EndProject
Project("{8BC9CEB8-8B4A-11D0-8D11-00A0C91BC942}") = "n18 dd", "n18\n18.vcxproj", "{FA37F936-5875-4C36-B6BF-71559E46AFDE}"
EndProject
Project("{8BC9CEB8-8B4A-11D0-8D11-00A0C91BC942}") = "n19", "n19\n19.vcxproj", "{B622840C-7866-4D4E-BA83-F2568D16CCB9}"
EndProject
Global
	GlobalSection(SolutionConfigurationPlatforms) = preSolution
		Debug|x64 = Debug|x64
		Debug|x86 = Debug|x86
		Release|x64 = Release|x64
		Release|x86 = Release|x86
	EndGlobalSection
	GlobalSection(ProjectConfigurationPlatforms) = postSolution
		{313CA90A-A221-4DE2-BE59-8F311DD9F472}.Debug|x64.ActiveCfg = Debug|x64
		{313CA90A-A221-4DE2-BE59-8F311DD9F472}.Debug|x64.Build.0 = Debug|x64
		{313CA90A-A221-4DE2-BE59-8F311DD9F472}.Debug|x86.ActiveCfg = Debug|Win32
		{313CA90A-A221-4DE2-BE59-8F311DD9F472}.Debug|x86.Build.0 = Debug|Win32
		{313CA90A-A221-4DE2-BE59-8F311DD9F472}.Release|x64.ActiveCfg = Release|x64
		{313CA90A-A221-4DE2-BE59-8F311DD9F472}.Release|x64.Build.0 = Release|x64
		{313CA90A-A221-4DE2-BE59-8F311DD9F472}.Release|x86.ActiveCfg = Release|Win32
		{313CA90A-A221-4DE2-BE59-8F311DD9F472}.Release|x86.Build.0 = Release|Win32
		{1FE7EDF3-92E1-4973-9434-42C936640F9A}.Debug|x64.ActiveCfg = Debug|x64
		{1FE7EDF3-92E1-4973-9434-42C936640F9A}.Debug|x64.Build.0 = Debug|x64
		{1FE7EDF3-92E1-4973-9434-42C936640F9A}.Debug|x86.ActiveCfg = Debug|Win32
		{1FE7EDF3-92E1-4973-9434-42C936640F9A}.Debug|x86.Build.0 = Debug|Win32
		{1FE7EDF3-92E1-4973-9434-42C936640F9A}.Release|x64.ActiveCfg = Release|x64
		{1FE7EDF3-92E1-4973-9434-42C936640F9A}.Release|x64.Build.0 = Release|x64
		{1FE7EDF3-92E1-4973-9434-42C936640F9A}.Release|x86.ActiveCfg = Release|Win32
		{1FE7EDF3-92E1-4973-9434-42C936640F9A}.Release|x86.Build.0 = Release|Win32
		{51466CFA-487F-4199-BA07-E307E03A9A11}.Debug|x64.ActiveCfg = Debug|x64
		{51466CFA-487F-4199-BA07-E307E03A9A11}.Debug|x64.Build.0 = Debug|x64
		{51466CFA-487F-4199-BA07-E307E03A9A11}.Debug|x86.ActiveCfg = Debug|Win32
		{51466CFA-487F-4199-BA07-E307E03A9A11}.Debug|x86.Build.0 = Debug|Win32
		{51466CFA-487F-4199-BA07-E307E03A9A11}.Release|x64.ActiveCfg = Release|x64
		{51466CFA-487F-4199-BA07-E307E03A9A11}.Release|x64.Build.0 = Release|x64
		{51466CFA-487F-4199-BA07-E307E03A9A11}.Release|x86.ActiveCfg = Release|Win32
		{51466CFA-487F-4199-BA07-E307E03A9A11}.Release|x86.Build.0 = Release|Win32
		{80E7A5F2-BEC9-4615-ABBB-AFAC867DAD64}.Debug|x64.ActiveCfg = Debug|x64
		{80E7A5F2-BEC9-4615-ABBB-AFAC867DAD64}.Debug|x64.Build.0 = Debug|x64
		{80E7A5F2-BEC9-4615-ABBB-AFAC867DAD64}.Debug|x86.ActiveCfg = Debug|Win32
		{80E7A5F2-BEC9-4615-ABBB-AFAC867DAD64}.Debug|x86.Build.0 = Debug|Win32
		{80E7A5F2-BEC9-4615-ABBB-AFAC867DAD64}.Release|x64.ActiveCfg = Release|x64
		{80E7A5F2-BEC9-4615-ABBB-AFAC867DAD64}.Release|x64.Build.0 = Release|x64
		{80E7A5F2-BEC9-4615-ABBB-AFAC867DAD64}.Release|x86.ActiveCfg = Release|Win32
		{80E7A5F2-BEC9-4615-ABBB-AFAC867DAD64}.Release|x86.Build.0 = Release|Win32
		{D9D7F93A-7330-4032-BD4F-6037218BDD9D}.Debug|x64.ActiveCfg = Debug|x64
		{D9D7F93A-7330-4032-BD4F-6037218BDD9D}.Debug|x64.Build.0 = Debug|x64
		{D9D7F93A-7330-4032-BD4F-6037218BDD9D}.Debug|x86.ActiveCfg = Debug|Win32
		{D9D7F93A-7330-4032-BD4F-6037218BDD9D}.Debug|x86.Build.0 = Debug|Win32
		{D9D7F93A-7330-4032-BD4F-6037218BDD9D}.Release|x64.ActiveCfg = Release|x64
		{D9D7F93A-7330-4032-BD4F-6037218BDD9D}.Release|x64.Build.0 = Release|x64
		{D9D7F93A-7330-4032-BD4F-6037218BDD9D}.Release|x86.ActiveCfg = Release|Win32
		{D9D7F93A-7330-4032-BD4F-6037218BDD9D}.Release|x86.Build.0 = Release|Win32
		{DE5E9726-84F0-4008-86D5-31F61DC13594}.Debug|x64.ActiveCfg = Debug|x64
		{DE5E9726-84F0-4008-86D5-31F61DC13594}.Debug|x64.Build.0 = Debug|x64
		{DE5E9726-84F0-4008-86D5-31F61DC13594}.Debug|x86.ActiveCfg = Debug|Win32
		{DE5E9726-84F0-4008-86D5-31F61DC13594}.Debug|x86.Build.0 = Debug|Win32
		{DE5E9726-84F0-4008-86D5-31F61DC13594}.Release|x64.ActiveCfg = Release|x64
		{DE5E9726-84F0-4008-86D5-31F61DC13594}.Release|x64.Build.0 = Release|x64
		{DE5E9726-84F0-4008-86D5-31F61DC13594}.Release|x86.ActiveCfg = Release|Win32
		{DE5E9726-84F0-4008-86D5-31F61DC13594}.Release|x86.Build.0 = Release|Win32
		{EE5321F0-00D9-4FCB-B4A8-7D2FA84D8974}.Debug|x64.ActiveCfg = Debug|x64
		{EE5321F0-00D9-4FCB-B4A8-7D2FA84D8974}.Debug|x64.Build.0 = Debug|x64
		{EE5321F0-00D9-4FCB-B4A8-7D2FA84D8974}.Debug|x86.ActiveCfg = Debug|Win32
		{EE5321F0-00D9-4FCB-B4A8-7D2FA84D8974}.Debug|x86.Build.0 = Debug|Win32
		{EE5321F0-00D9-4FCB-B4A8-7D2FA84D8974}.Release|x64.ActiveCfg = Release|x64
		{EE5321F0-00D9-4FCB-B4A8-7D2FA84D8974}.Release|x64.Build.0 = Release|x64
		{EE5321F0-00D9-4FCB-B4A8-7D2FA84D8974}.Release|x86.ActiveCfg = Release|Win32
		{EE5321F0-00D9-4FCB-B4A8-7D2FA84D8974}.Release|x86.Build.0 = Release|Win32
		{69CD4BBA-35A4-4CCA-A8FE-B5863D1B75F1}.Debug|x64.ActiveCfg = Debug|x64
		{69CD4BBA-35A4-4CCA-A8FE-B5863D1B75F1}.Debug|x64.Build.0 = Debug|x64
		{69CD4BBA-35A4-4CCA-A8FE-B5863D1B75F1}.Debug|x86.ActiveCfg = Debug|Win32
		{69CD4BBA-35A4-4CCA-A8FE-B5863D1B75F1}.Debug|x86.Build.0 = Debug|Win32
		{69CD4BBA-35A4-4CCA-A8FE-B5863D1B75F1}.Release|x64.ActiveCfg = Release|x64
		{69CD4BBA-35A4-4CCA-A8FE-B5863D1B75F1}.Release|x64.Build.0 = Release|x64
		{69CD4BBA-35A4-4CCA-A8FE-B5863D1B75F1}.Release|x86.ActiveCfg = Release|Win32
		{69CD4BBA-35A4-4CCA-A8FE-B5863D1B75F1}.Release|x86.Build.0 = Release|Win32
		{79C4BC7C-3AAC-426A-86E4-98632DAD8D6C}.Debug|x64.ActiveCfg = Debug|x64
		{79C4BC7C-3AAC-426A-86E4-98632DAD8D6C}.Debug|x64.Build.0 = Debug|x64
		{79C4BC7C-3AAC-426A-86E4-98632DAD8D6C}.Debug|x86.ActiveCfg = Debug|Win32
		{79C4BC7C-3AAC-426A-86E4-98632DAD8D6C}.Debug|x86.Build.0 = Debug|Win32
		{79C4BC7C-3AAC-426A-86E4-98632DAD8D6C}.Release|x64.ActiveCfg = Release|x64
		{79C4BC7C-3AAC-426A-86E4-98632DAD8D6C}.Release|x64.Build.0 = Release|x64
		{79C4BC7C-3AAC-426A-86E4-98632DAD8D6C}.Release|x86.ActiveCfg = Release|Win32
		{79C4BC7C-3AAC-426A-86E4-98632DAD8D6C}.Release|x86.Build.0 = Release|Win32
		{79758904-B1BE-4CBF-9CD6-4CC195234444}.Debug|x64.ActiveCfg = Debug|x64
		{79758904-B1BE-4CBF-9CD6-4CC195234444}.Debug|x64.Build.0 = Debug|x64
		{79758904-B1BE-4CBF-9CD6-4CC195234444}.Debug|x86.ActiveCfg = Debug|Win32
		{79758904-B1BE-4CBF-9CD6-4CC195234444}.Debug|x86.Build.0 = Debug|Win32
		{79758904-B1BE-4CBF-9CD6-4CC195234444}.Release|x64.ActiveCfg = Release|x64
		{79758904-B1BE-4CBF-9CD6-4CC195234444}.Release|x64.Build.0 = Release|x64
		{79758904-B1BE-4CBF-9CD6-4CC195234444}.Release|x86.ActiveCfg = Release|Win32
		{79758904-B1BE-4CBF-9CD6-4CC195234444}.Release|x86.Build.0 = Release|Win32
		{2998DBED-47E2-46D1-BA4B-70A4C510C600}.Debug|x64.ActiveCfg = Debug|x64
		{2998DBED-47E2-46D1-BA4B-70A4C510C600}.Debug|x64.Build.0 = Debug|x64
		{2998DBED-47E2-46D1-BA4B-70A4C510C600}.Debug|x86.ActiveCfg = Debug|Win32
		{2998DBED-47E2-46D1-BA4B-70A4C510C600}.Debug|x86.Build.0 = Debug|Win32
		{2998DBED-47E2-46D1-BA4B-70A4C510C600}.Release|x64.ActiveCfg = Release|x64
		{2998DBED-47E2-46D1-BA4B-70A4C510C600}.Release|x64.Build.0 = Release|x64
		{2998DBED-47E2-46D1-BA4B-70A4C510C600}.Release|x86.ActiveCfg = Release|Win32
		{2998DBED-47E2-46D1-BA4B-70A4C510C600}.Release|x86.Build.0 = Release|Win32
		{C41B94F3-EB64-4D2D-A960-B2E26A8F1C03}.Debug|x64.ActiveCfg = Debug|x64
		{C41B94F3-EB64-4D2D-A960-B2E26A8F1C03}.Debug|x64.Build.0 = Debug|x64
		{C41B94F3-EB64-4D2D-A960-B2E26A8F1C03}.Debug|x86.ActiveCfg = Debug|Win32
		{C41B94F3-EB64-4D2D-A960-B2E26A8F1C03}.Debug|x86.Build.0 = Debug|Win32
		{C41B94F3-EB64-4D2D-A960-B2E26A8F1C03}.Release|x64.ActiveCfg = Release|x64
		{C41B94F3-EB64-4D2D-A960-B2E26A8F1C03}.Release|x64.Build.0 = Release|x64
		{C41B94F3-EB64-4D2D-A960-B2E26A8F1C03}.Release|x86.ActiveCfg = Release|Win32
		{C41B94F3-EB64-4D2D-A960-B2E26A8F1C03}.Release|x86.Build.0 = Release|Win32
		{53B3BB6A-56CC-40F8-9CD8-3E122460BFAB}.Debug|x64.ActiveCfg = Debug|x64
		{53B3BB6A-56CC-40F8-9CD8-3E122460BFAB}.Debug|x64.Build.0 = Debug|x64
		{53B3BB6A-56CC-40F8-9CD8-3E122460BFAB}.Debug|x86.ActiveCfg = Debug|Win32
		{53B3BB6A-56CC-40F8-9CD8-3E122460BFAB}.Debug|x86.Build.0 = Debug|Win32
		{53B3BB6A-56CC-40F8-9CD8-3E122460BFAB}.Release|x64.ActiveCfg = Release|x64
		{53B3BB6A-56CC-40F8-9CD8-3E122460BFAB}.Release|x64.Build.0 = Release|x64
		{53B3BB6A-56CC-40F8-9CD8-3E122460BFAB}.Release|x86.ActiveCfg = Release|Win32
		{53B3BB6A-56CC-40F8-9CD8-3E122460BFAB}.Release|x86.Build.0 = Release|Win32
		{07303ECA-EBFB-4C25-A58B-771A715ADCC0}.Debug|x64.ActiveCfg = Debug|x64
		{07303ECA-EBFB-4C25-A58B-771A715ADCC0}.Debug|x64.Build.0 = Debug|x64
		{07303ECA-EBFB-4C25-A58B-771A715ADCC0}.Debug|x86.ActiveCfg = Debug|Win32
		{07303ECA-EBFB-4C25-A58B-771A715ADCC0}.Debug|x86.Build.0 = Debug|Win32
		{07303ECA-EBFB-4C25-A58B-771A715ADCC0}.Release|x64.ActiveCfg = Release|x64
		{07303ECA-EBFB-4C25-A58B-771A715ADCC0}.Release|x64.Build.0 = Release|x64
		{07303ECA-EBFB-4C25-A58B-771A715ADCC0}.Release|x86.ActiveCfg = Release|Win32
		{07303ECA-EBFB-4C25-A58B-771A715ADCC0}.Release|x86.Build.0 = Release|Win32
		{F340D9AD-73D9-4A56-9C45-FA09F20935A2}.Debug|x64.ActiveCfg = Debug|x64
		{F340D9AD-73D9-4A56-9C45-FA09F20935A2}.Debug|x64.Build.0 = Debug|x64
		{F340D9AD-73D9-4A56-9C45-FA09F20935A2}.Debug|x86.ActiveCfg = Debug|Win32
		{F340D9AD-73D9-4A56-9C45-FA09F20935A2}.Debug|x86.Build.0 = Debug|Win32
		{F340D9AD-73D9-4A56-9C45-FA09F20935A2}.Release|x64.ActiveCfg = Release|x64
		{F340D9AD-73D9-4A56-9C45-FA09F20935A2}.Release|x64.Build.0 = Release|x64
		{F340D9AD-73D9-4A56-9C45-FA09F20935A2}.Release|x86.ActiveCfg = Release|Win32
		{F340D9AD-73D9-4A56-9C45-FA09F20935A2}.Release|x86.Build.0 = Release|Win32
		{4C599663-DCE6-4FB5-91FD-576412B4AF4B}.Debug|x64.ActiveCfg = Debug|x64
		{4C599663-DCE6-4FB5-91FD-576412B4AF4B}.Debug|x64.Build.0 = Debug|x64
		{4C599663-DCE6-4FB5-91FD-576412B4AF4B}.Debug|x86.ActiveCfg = Debug|Win32
		{4C599663-DCE6-4FB5-91FD-576412B4AF4B}.Debug|x86.Build.0 = Debug|Win32
		{4C599663-DCE6-4FB5-91FD-576412B4AF4B}.Release|x64.ActiveCfg = Release|x64
		{4C599663-DCE6-4FB5-91FD-576412B4AF4B}.Release|x64.Build.0 = Release|x64
		{4C599663-DCE6-4FB5-91FD-576412B4AF4B}.Release|x86.ActiveCfg = Release|Win32
		{4C599663-DCE6-4FB5-91FD-576412B4AF4B}.Release|x86.Build.0 = Release|Win32
		{F97C9698-B1CB-4BD5-AEC7-0642F92C40A7}.Debug|x64.ActiveCfg = Debug|x64
		{F97C9698-B1CB-4BD5-AEC7-0642F92C40A7}.Debug|x64.Build.0 = Debug|x64
		{F97C9698-B1CB-4BD5-AEC7-0642F92C40A7}.Debug|x86.ActiveCfg = Debug|Win32
		{F97C9698-B1CB-4BD5-AEC7-0642F92C40A7}.Debug|x86.Build.0 = Debug|Win32
		{F97C9698-B1CB-4BD5-AEC7-0642F92C40A7}.Release|x64.ActiveCfg = Release|x64
		{F97C9698-B1CB-4BD5-AEC7-0642F92C40A7}.Release|x64.Build.0 = Release|x64
		{F97C9698-B1CB-4BD5-AEC7-0642F92C40A7}.Release|x86.ActiveCfg = Release|Win32
		{F97C9698-B1CB-4BD5-AEC7-0642F92C40A7}.Release|x86.Build.0 = Release|Win32
		{FA37F936-5875-4C36-B6BF-71559E46AFDE}.Debug|x64.ActiveCfg = Debug|x64
		{FA37F936-5875-4C36-B6BF-71559E46AFDE}.Debug|x64.Build.0 = Debug|x64
		{FA37F936-5875-4C36-B6BF-71559E46AFDE}.Debug|x86.ActiveCfg = Debug|Win32
		{FA37F936-5875-4C36-B6BF-71559E46AFDE}.Debug|x86.Build.0 = Debug|Win32
		{FA37F936-5875-4C36-B6BF-71559E46AFDE}.Release|x64.ActiveCfg = Release|x64
		{FA37F936-5875-4C36-B6BF-71559E46AFDE}.Release|x64.Build.0 = Release|x64
		{FA37F936-5875-4C36-B6BF-71559E46AFDE}.Release|x86.ActiveCfg = Release|Win32
		{FA37F936-5875-4C36-B6BF-71559E46AFDE}.Release|x86.Build.0 = Release|Win32
		{B622840C-7866-4D4E-BA83-F2568D16CCB9}.Debug|x64.ActiveCfg = Debug|x64
		{B622840C-7866-4D4E-BA83-F2568D16CCB9}.Debug|x64.Build.0 = Debug|x64
		{B622840C-7866-4D4E-BA83-F2568D16CCB9}.Debug|x86.ActiveCfg = Debug|Win32
		{B622840C-7866-4D4E-BA83-F2568D16CCB9}.Debug|x86.Build.0 = Debug|Win32
		{B622840C-7866-4D4E-BA83-F2568D16CCB9}.Release|x64.ActiveCfg = Release|x64
		{B622840C-7866-4D4E-BA83-F2568D16CCB9}.Release|x64.Build.0 = Release|x64
		{B622840C-7866-4D4E-BA83-F2568D16CCB9}.Release|x86.ActiveCfg = Release|Win32
		{B622840C-7866-4D4E-BA83-F2568D16CCB9}.Release|x86.Build.0 = Release|Win32
	EndGlobalSection
	GlobalSection(SolutionProperties) = preSolution
		HideSolutionNode = FALSE
	EndGlobalSection
EndGlobal
