
Microsoft Visual Studio Solution File, Format Version 12.00
# Visual Studio Version 17
VisualStudioVersion = 17.0.32112.339
MinimumVisualStudioVersion = 10.0.40219.1
Project("{FAE04EC0-301F-11D3-BF4B-00C04F79EFBC}") = "UnitTestProject3", "UnitTestProject3.csproj", "{2D6A0614-E292-4BED-B40C-1BDFCE790408}"
EndProject
Project("{FAE04EC0-301F-11D3-BF4B-00C04F79EFBC}") = "ClassLibrary2", "..\ClassLibrary2\ClassLibrary2.csproj", "{7117BFE2-2083-401D-8430-03F1AA1F1C7A}"
EndProject
Project("{FAE04EC0-301F-11D3-BF4B-00C04F79EFBC}") = "ConsoleApp2", "..\ConsoleApp2\ConsoleApp2.csproj", "{49A89B63-D75E-48C4-84AB-6F6A36B1B19D}"
EndProject
Global
	GlobalSection(SolutionConfigurationPlatforms) = preSolution
		Debug|Any CPU = Debug|Any CPU
		Release|Any CPU = Release|Any CPU
	EndGlobalSection
	GlobalSection(ProjectConfigurationPlatforms) = postSolution
		{2D6A0614-E292-4BED-B40C-1BDFCE790408}.Debug|Any CPU.ActiveCfg = Debug|Any CPU
		{2D6A0614-E292-4BED-B40C-1BDFCE790408}.Debug|Any CPU.Build.0 = Debug|Any CPU
		{2D6A0614-E292-4BED-B40C-1BDFCE790408}.Release|Any CPU.ActiveCfg = Release|Any CPU
		{2D6A0614-E292-4BED-B40C-1BDFCE790408}.Release|Any CPU.Build.0 = Release|Any CPU
		{7117BFE2-2083-401D-8430-03F1AA1F1C7A}.Debug|Any CPU.ActiveCfg = Debug|Any CPU
		{7117BFE2-2083-401D-8430-03F1AA1F1C7A}.Debug|Any CPU.Build.0 = Debug|Any CPU
		{7117BFE2-2083-401D-8430-03F1AA1F1C7A}.Release|Any CPU.ActiveCfg = Release|Any CPU
		{7117BFE2-2083-401D-8430-03F1AA1F1C7A}.Release|Any CPU.Build.0 = Release|Any CPU
		{49A89B63-D75E-48C4-84AB-6F6A36B1B19D}.Debug|Any CPU.ActiveCfg = Debug|Any CPU
		{49A89B63-D75E-48C4-84AB-6F6A36B1B19D}.Debug|Any CPU.Build.0 = Debug|Any CPU
		{49A89B63-D75E-48C4-84AB-6F6A36B1B19D}.Release|Any CPU.ActiveCfg = Release|Any CPU
		{49A89B63-D75E-48C4-84AB-6F6A36B1B19D}.Release|Any CPU.Build.0 = Release|Any CPU
	EndGlobalSection
	GlobalSection(SolutionProperties) = preSolution
		HideSolutionNode = FALSE
	EndGlobalSection
	GlobalSection(ExtensibilityGlobals) = postSolution
		SolutionGuid = {BBACDACD-F325-422F-9388-F55086C4DD00}
	EndGlobalSection
EndGlobal
