
Microsoft Visual Studio Solution File, Format Version 12.00
# Visual Studio Version 16
VisualStudioVersion = 16.0.31402.337
MinimumVisualStudioVersion = 10.0.40219.1
Project("{FAE04EC0-301F-11D3-BF4B-00C04F79EFBC}") = "kr", "kr\kr.csproj", "{E4E3C113-531D-4E2D-B2C6-9E2D356353FD}"
EndProject
Global
	GlobalSection(SolutionConfigurationPlatforms) = preSolution
		Debug|Any CPU = Debug|Any CPU
		Release|Any CPU = Release|Any CPU
	EndGlobalSection
	GlobalSection(ProjectConfigurationPlatforms) = postSolution
		{E4E3C113-531D-4E2D-B2C6-9E2D356353FD}.Debug|Any CPU.ActiveCfg = Debug|Any CPU
		{E4E3C113-531D-4E2D-B2C6-9E2D356353FD}.Debug|Any CPU.Build.0 = Debug|Any CPU
		{E4E3C113-531D-4E2D-B2C6-9E2D356353FD}.Release|Any CPU.ActiveCfg = Release|Any CPU
		{E4E3C113-531D-4E2D-B2C6-9E2D356353FD}.Release|Any CPU.Build.0 = Release|Any CPU
	EndGlobalSection
	GlobalSection(SolutionProperties) = preSolution
		HideSolutionNode = FALSE
	EndGlobalSection
	GlobalSection(ExtensibilityGlobals) = postSolution
		SolutionGuid = {E2770C65-D8A6-4755-96BF-4762DBDBABC0}
	EndGlobalSection
EndGlobal
