
Microsoft Visual Studio Solution File, Format Version 12.00
# Visual Studio 15
VisualStudioVersion = 15.0.28307.329
MinimumVisualStudioVersion = 10.0.40219.1
Project("{8BC9CEB8-8B4A-11D0-8D11-00A0C91BC942}") = "zadanie_329", "zadanie_329\zadanie_329.vcxproj", "{F3FC04E6-0DB8-4C02-9876-C5241CA60D77}"
EndProject
Project("{8BC9CEB8-8B4A-11D0-8D11-00A0C91BC942}") = "zadanie_329_2", "zadanie_329_2\zadanie_329_2.vcxproj", "{CA1C6361-D603-4108-A6B7-406FFDB5CF65}"
EndProject
Global
	GlobalSection(SolutionConfigurationPlatforms) = preSolution
		Debug|x64 = Debug|x64
		Debug|x86 = Debug|x86
		Release|x64 = Release|x64
		Release|x86 = Release|x86
	EndGlobalSection
	GlobalSection(ProjectConfigurationPlatforms) = postSolution
		{F3FC04E6-0DB8-4C02-9876-C5241CA60D77}.Debug|x64.ActiveCfg = Debug|x64
		{F3FC04E6-0DB8-4C02-9876-C5241CA60D77}.Debug|x64.Build.0 = Debug|x64
		{F3FC04E6-0DB8-4C02-9876-C5241CA60D77}.Debug|x86.ActiveCfg = Debug|Win32
		{F3FC04E6-0DB8-4C02-9876-C5241CA60D77}.Debug|x86.Build.0 = Debug|Win32
		{F3FC04E6-0DB8-4C02-9876-C5241CA60D77}.Release|x64.ActiveCfg = Release|x64
		{F3FC04E6-0DB8-4C02-9876-C5241CA60D77}.Release|x64.Build.0 = Release|x64
		{F3FC04E6-0DB8-4C02-9876-C5241CA60D77}.Release|x86.ActiveCfg = Release|Win32
		{F3FC04E6-0DB8-4C02-9876-C5241CA60D77}.Release|x86.Build.0 = Release|Win32
		{CA1C6361-D603-4108-A6B7-406FFDB5CF65}.Debug|x64.ActiveCfg = Debug|x64
		{CA1C6361-D603-4108-A6B7-406FFDB5CF65}.Debug|x64.Build.0 = Debug|x64
		{CA1C6361-D603-4108-A6B7-406FFDB5CF65}.Debug|x86.ActiveCfg = Debug|Win32
		{CA1C6361-D603-4108-A6B7-406FFDB5CF65}.Debug|x86.Build.0 = Debug|Win32
		{CA1C6361-D603-4108-A6B7-406FFDB5CF65}.Release|x64.ActiveCfg = Release|x64
		{CA1C6361-D603-4108-A6B7-406FFDB5CF65}.Release|x64.Build.0 = Release|x64
		{CA1C6361-D603-4108-A6B7-406FFDB5CF65}.Release|x86.ActiveCfg = Release|Win32
		{CA1C6361-D603-4108-A6B7-406FFDB5CF65}.Release|x86.Build.0 = Release|Win32
	EndGlobalSection
	GlobalSection(SolutionProperties) = preSolution
		HideSolutionNode = FALSE
	EndGlobalSection
	GlobalSection(ExtensibilityGlobals) = postSolution
		SolutionGuid = {61331B23-79B6-4A9E-8E94-46C93A35CC9F}
	EndGlobalSection
EndGlobal
