
Microsoft Visual Studio Solution File, Format Version 12.00
# Visual Studio 14
VisualStudioVersion = 14.0.25420.1
MinimumVisualStudioVersion = 10.0.40219.1
Project("{8BC9CEB8-8B4A-11D0-8D11-00A0C91BC942}") = "zadanie_1", "zadanie_1\zadanie_1.vcxproj", "{4BB03EF4-2CDA-4423-8BD1-3EA56E6B79A1}"
EndProject
Project("{8BC9CEB8-8B4A-11D0-8D11-00A0C91BC942}") = "zadanie_10", "zadanie_10\zadanie_10.vcxproj", "{40AD8333-1B99-4040-A094-C5C46F7D2761}"
EndProject
Project("{8BC9CEB8-8B4A-11D0-8D11-00A0C91BC942}") = "zadanie_9", "zadanie_9\zadanie_9.vcxproj", "{06219A54-1DDB-4B46-A252-9BF8F0284780}"
EndProject
Project("{8BC9CEB8-8B4A-11D0-8D11-00A0C91BC942}") = "zadanie_3", "zadanie_3\zadanie_3.vcxproj", "{CA8C4237-5333-4685-A2DD-2E9CFA19B339}"
EndProject
Project("{8BC9CEB8-8B4A-11D0-8D11-00A0C91BC942}") = "zadanie_4", "zadanie_4\zadanie_4.vcxproj", "{74D2F29E-C38C-404E-8616-5A0394DF7242}"
EndProject
Project("{8BC9CEB8-8B4A-11D0-8D11-00A0C91BC942}") = "zadanie_5", "zadanie_5\zadanie_5.vcxproj", "{A4C95ED7-D361-403E-BED3-C2C092E24F2F}"
EndProject
Project("{8BC9CEB8-8B4A-11D0-8D11-00A0C91BC942}") = "zadanie_2", "zadanie_2\zadanie_2.vcxproj", "{B1F15192-3594-48B3-84F3-9401F4CB911E}"
EndProject
Project("{8BC9CEB8-8B4A-11D0-8D11-00A0C91BC942}") = "zadanie_6", "zadanie_6\zadanie_6.vcxproj", "{B2FF1D05-2A4C-4945-B2D7-67C5F5E723E6}"
EndProject
Project("{8BC9CEB8-8B4A-11D0-8D11-00A0C91BC942}") = "zadanie_7", "zadanie_7\zadanie_7.vcxproj", "{D979D342-11E8-4680-9FA9-D7D33E357B88}"
EndProject
Project("{8BC9CEB8-8B4A-11D0-8D11-00A0C91BC942}") = "zadanie_11", "zadanie_11\zadanie_11.vcxproj", "{03B0D857-EE16-47F7-AED2-D8E4E7C5E408}"
EndProject
Project("{8BC9CEB8-8B4A-11D0-8D11-00A0C91BC942}") = "zadanie_12", "zadanie_12\zadanie_12.vcxproj", "{AE7E6DAB-19D9-41F5-8698-8BC9BD46297A}"
EndProject
Project("{8BC9CEB8-8B4A-11D0-8D11-00A0C91BC942}") = "zadanie_8", "zadanie_8\zadanie_8.vcxproj", "{3A8C9CB1-5398-4841-AAB3-FCB66078DFDF}"
EndProject
Global
	GlobalSection(SolutionConfigurationPlatforms) = preSolution
		Debug|x64 = Debug|x64
		Debug|x86 = Debug|x86
		Release|x64 = Release|x64
		Release|x86 = Release|x86
	EndGlobalSection
	GlobalSection(ProjectConfigurationPlatforms) = postSolution
		{4BB03EF4-2CDA-4423-8BD1-3EA56E6B79A1}.Debug|x64.ActiveCfg = Debug|x64
		{4BB03EF4-2CDA-4423-8BD1-3EA56E6B79A1}.Debug|x64.Build.0 = Debug|x64
		{4BB03EF4-2CDA-4423-8BD1-3EA56E6B79A1}.Debug|x86.ActiveCfg = Debug|Win32
		{4BB03EF4-2CDA-4423-8BD1-3EA56E6B79A1}.Debug|x86.Build.0 = Debug|Win32
		{4BB03EF4-2CDA-4423-8BD1-3EA56E6B79A1}.Release|x64.ActiveCfg = Release|x64
		{4BB03EF4-2CDA-4423-8BD1-3EA56E6B79A1}.Release|x64.Build.0 = Release|x64
		{4BB03EF4-2CDA-4423-8BD1-3EA56E6B79A1}.Release|x86.ActiveCfg = Release|Win32
		{4BB03EF4-2CDA-4423-8BD1-3EA56E6B79A1}.Release|x86.Build.0 = Release|Win32
		{40AD8333-1B99-4040-A094-C5C46F7D2761}.Debug|x64.ActiveCfg = Debug|x64
		{40AD8333-1B99-4040-A094-C5C46F7D2761}.Debug|x64.Build.0 = Debug|x64
		{40AD8333-1B99-4040-A094-C5C46F7D2761}.Debug|x86.ActiveCfg = Debug|Win32
		{40AD8333-1B99-4040-A094-C5C46F7D2761}.Debug|x86.Build.0 = Debug|Win32
		{40AD8333-1B99-4040-A094-C5C46F7D2761}.Release|x64.ActiveCfg = Release|x64
		{40AD8333-1B99-4040-A094-C5C46F7D2761}.Release|x64.Build.0 = Release|x64
		{40AD8333-1B99-4040-A094-C5C46F7D2761}.Release|x86.ActiveCfg = Release|Win32
		{40AD8333-1B99-4040-A094-C5C46F7D2761}.Release|x86.Build.0 = Release|Win32
		{06219A54-1DDB-4B46-A252-9BF8F0284780}.Debug|x64.ActiveCfg = Debug|x64
		{06219A54-1DDB-4B46-A252-9BF8F0284780}.Debug|x64.Build.0 = Debug|x64
		{06219A54-1DDB-4B46-A252-9BF8F0284780}.Debug|x86.ActiveCfg = Debug|Win32
		{06219A54-1DDB-4B46-A252-9BF8F0284780}.Debug|x86.Build.0 = Debug|Win32
		{06219A54-1DDB-4B46-A252-9BF8F0284780}.Release|x64.ActiveCfg = Release|x64
		{06219A54-1DDB-4B46-A252-9BF8F0284780}.Release|x64.Build.0 = Release|x64
		{06219A54-1DDB-4B46-A252-9BF8F0284780}.Release|x86.ActiveCfg = Release|Win32
		{06219A54-1DDB-4B46-A252-9BF8F0284780}.Release|x86.Build.0 = Release|Win32
		{CA8C4237-5333-4685-A2DD-2E9CFA19B339}.Debug|x64.ActiveCfg = Debug|x64
		{CA8C4237-5333-4685-A2DD-2E9CFA19B339}.Debug|x64.Build.0 = Debug|x64
		{CA8C4237-5333-4685-A2DD-2E9CFA19B339}.Debug|x86.ActiveCfg = Debug|Win32
		{CA8C4237-5333-4685-A2DD-2E9CFA19B339}.Debug|x86.Build.0 = Debug|Win32
		{CA8C4237-5333-4685-A2DD-2E9CFA19B339}.Release|x64.ActiveCfg = Release|x64
		{CA8C4237-5333-4685-A2DD-2E9CFA19B339}.Release|x64.Build.0 = Release|x64
		{CA8C4237-5333-4685-A2DD-2E9CFA19B339}.Release|x86.ActiveCfg = Release|Win32
		{CA8C4237-5333-4685-A2DD-2E9CFA19B339}.Release|x86.Build.0 = Release|Win32
		{74D2F29E-C38C-404E-8616-5A0394DF7242}.Debug|x64.ActiveCfg = Debug|x64
		{74D2F29E-C38C-404E-8616-5A0394DF7242}.Debug|x64.Build.0 = Debug|x64
		{74D2F29E-C38C-404E-8616-5A0394DF7242}.Debug|x86.ActiveCfg = Debug|Win32
		{74D2F29E-C38C-404E-8616-5A0394DF7242}.Debug|x86.Build.0 = Debug|Win32
		{74D2F29E-C38C-404E-8616-5A0394DF7242}.Release|x64.ActiveCfg = Release|x64
		{74D2F29E-C38C-404E-8616-5A0394DF7242}.Release|x64.Build.0 = Release|x64
		{74D2F29E-C38C-404E-8616-5A0394DF7242}.Release|x86.ActiveCfg = Release|Win32
		{74D2F29E-C38C-404E-8616-5A0394DF7242}.Release|x86.Build.0 = Release|Win32
		{A4C95ED7-D361-403E-BED3-C2C092E24F2F}.Debug|x64.ActiveCfg = Debug|x64
		{A4C95ED7-D361-403E-BED3-C2C092E24F2F}.Debug|x64.Build.0 = Debug|x64
		{A4C95ED7-D361-403E-BED3-C2C092E24F2F}.Debug|x86.ActiveCfg = Debug|Win32
		{A4C95ED7-D361-403E-BED3-C2C092E24F2F}.Debug|x86.Build.0 = Debug|Win32
		{A4C95ED7-D361-403E-BED3-C2C092E24F2F}.Release|x64.ActiveCfg = Release|x64
		{A4C95ED7-D361-403E-BED3-C2C092E24F2F}.Release|x64.Build.0 = Release|x64
		{A4C95ED7-D361-403E-BED3-C2C092E24F2F}.Release|x86.ActiveCfg = Release|Win32
		{A4C95ED7-D361-403E-BED3-C2C092E24F2F}.Release|x86.Build.0 = Release|Win32
		{B1F15192-3594-48B3-84F3-9401F4CB911E}.Debug|x64.ActiveCfg = Debug|x64
		{B1F15192-3594-48B3-84F3-9401F4CB911E}.Debug|x64.Build.0 = Debug|x64
		{B1F15192-3594-48B3-84F3-9401F4CB911E}.Debug|x86.ActiveCfg = Debug|Win32
		{B1F15192-3594-48B3-84F3-9401F4CB911E}.Debug|x86.Build.0 = Debug|Win32
		{B1F15192-3594-48B3-84F3-9401F4CB911E}.Release|x64.ActiveCfg = Release|x64
		{B1F15192-3594-48B3-84F3-9401F4CB911E}.Release|x64.Build.0 = Release|x64
		{B1F15192-3594-48B3-84F3-9401F4CB911E}.Release|x86.ActiveCfg = Release|Win32
		{B1F15192-3594-48B3-84F3-9401F4CB911E}.Release|x86.Build.0 = Release|Win32
		{B2FF1D05-2A4C-4945-B2D7-67C5F5E723E6}.Debug|x64.ActiveCfg = Debug|x64
		{B2FF1D05-2A4C-4945-B2D7-67C5F5E723E6}.Debug|x64.Build.0 = Debug|x64
		{B2FF1D05-2A4C-4945-B2D7-67C5F5E723E6}.Debug|x86.ActiveCfg = Debug|Win32
		{B2FF1D05-2A4C-4945-B2D7-67C5F5E723E6}.Debug|x86.Build.0 = Debug|Win32
		{B2FF1D05-2A4C-4945-B2D7-67C5F5E723E6}.Release|x64.ActiveCfg = Release|x64
		{B2FF1D05-2A4C-4945-B2D7-67C5F5E723E6}.Release|x64.Build.0 = Release|x64
		{B2FF1D05-2A4C-4945-B2D7-67C5F5E723E6}.Release|x86.ActiveCfg = Release|Win32
		{B2FF1D05-2A4C-4945-B2D7-67C5F5E723E6}.Release|x86.Build.0 = Release|Win32
		{D979D342-11E8-4680-9FA9-D7D33E357B88}.Debug|x64.ActiveCfg = Debug|x64
		{D979D342-11E8-4680-9FA9-D7D33E357B88}.Debug|x64.Build.0 = Debug|x64
		{D979D342-11E8-4680-9FA9-D7D33E357B88}.Debug|x86.ActiveCfg = Debug|Win32
		{D979D342-11E8-4680-9FA9-D7D33E357B88}.Debug|x86.Build.0 = Debug|Win32
		{D979D342-11E8-4680-9FA9-D7D33E357B88}.Release|x64.ActiveCfg = Release|x64
		{D979D342-11E8-4680-9FA9-D7D33E357B88}.Release|x64.Build.0 = Release|x64
		{D979D342-11E8-4680-9FA9-D7D33E357B88}.Release|x86.ActiveCfg = Release|Win32
		{D979D342-11E8-4680-9FA9-D7D33E357B88}.Release|x86.Build.0 = Release|Win32
		{03B0D857-EE16-47F7-AED2-D8E4E7C5E408}.Debug|x64.ActiveCfg = Debug|x64
		{03B0D857-EE16-47F7-AED2-D8E4E7C5E408}.Debug|x64.Build.0 = Debug|x64
		{03B0D857-EE16-47F7-AED2-D8E4E7C5E408}.Debug|x86.ActiveCfg = Debug|Win32
		{03B0D857-EE16-47F7-AED2-D8E4E7C5E408}.Debug|x86.Build.0 = Debug|Win32
		{03B0D857-EE16-47F7-AED2-D8E4E7C5E408}.Release|x64.ActiveCfg = Release|x64
		{03B0D857-EE16-47F7-AED2-D8E4E7C5E408}.Release|x64.Build.0 = Release|x64
		{03B0D857-EE16-47F7-AED2-D8E4E7C5E408}.Release|x86.ActiveCfg = Release|Win32
		{03B0D857-EE16-47F7-AED2-D8E4E7C5E408}.Release|x86.Build.0 = Release|Win32
		{AE7E6DAB-19D9-41F5-8698-8BC9BD46297A}.Debug|x64.ActiveCfg = Debug|x64
		{AE7E6DAB-19D9-41F5-8698-8BC9BD46297A}.Debug|x64.Build.0 = Debug|x64
		{AE7E6DAB-19D9-41F5-8698-8BC9BD46297A}.Debug|x86.ActiveCfg = Debug|Win32
		{AE7E6DAB-19D9-41F5-8698-8BC9BD46297A}.Debug|x86.Build.0 = Debug|Win32
		{AE7E6DAB-19D9-41F5-8698-8BC9BD46297A}.Release|x64.ActiveCfg = Release|x64
		{AE7E6DAB-19D9-41F5-8698-8BC9BD46297A}.Release|x64.Build.0 = Release|x64
		{AE7E6DAB-19D9-41F5-8698-8BC9BD46297A}.Release|x86.ActiveCfg = Release|Win32
		{AE7E6DAB-19D9-41F5-8698-8BC9BD46297A}.Release|x86.Build.0 = Release|Win32
		{3A8C9CB1-5398-4841-AAB3-FCB66078DFDF}.Debug|x64.ActiveCfg = Debug|x64
		{3A8C9CB1-5398-4841-AAB3-FCB66078DFDF}.Debug|x64.Build.0 = Debug|x64
		{3A8C9CB1-5398-4841-AAB3-FCB66078DFDF}.Debug|x86.ActiveCfg = Debug|Win32
		{3A8C9CB1-5398-4841-AAB3-FCB66078DFDF}.Debug|x86.Build.0 = Debug|Win32
		{3A8C9CB1-5398-4841-AAB3-FCB66078DFDF}.Release|x64.ActiveCfg = Release|x64
		{3A8C9CB1-5398-4841-AAB3-FCB66078DFDF}.Release|x64.Build.0 = Release|x64
		{3A8C9CB1-5398-4841-AAB3-FCB66078DFDF}.Release|x86.ActiveCfg = Release|Win32
		{3A8C9CB1-5398-4841-AAB3-FCB66078DFDF}.Release|x86.Build.0 = Release|Win32
	EndGlobalSection
	GlobalSection(SolutionProperties) = preSolution
		HideSolutionNode = FALSE
	EndGlobalSection
EndGlobal
