
Microsoft Visual Studio Solution File, Format Version 12.00
# Visual Studio Version 16
VisualStudioVersion = 16.0.29306.81
MinimumVisualStudioVersion = 10.0.40219.1
Project("{FAE04EC0-301F-11D3-BF4B-00C04F79EFBC}") = "zadanie_1961_c", "zadanie_1961_c\zadanie_1961_c.csproj", "{2D691B3F-F577-4364-B3FE-C7FED744FD1F}"
EndProject
Global
	GlobalSection(SolutionConfigurationPlatforms) = preSolution
		Debug|Any CPU = Debug|Any CPU
		Release|Any CPU = Release|Any CPU
	EndGlobalSection
	GlobalSection(ProjectConfigurationPlatforms) = postSolution
		{2D691B3F-F577-4364-B3FE-C7FED744FD1F}.Debug|Any CPU.ActiveCfg = Debug|Any CPU
		{2D691B3F-F577-4364-B3FE-C7FED744FD1F}.Debug|Any CPU.Build.0 = Debug|Any CPU
		{2D691B3F-F577-4364-B3FE-C7FED744FD1F}.Release|Any CPU.ActiveCfg = Release|Any CPU
		{2D691B3F-F577-4364-B3FE-C7FED744FD1F}.Release|Any CPU.Build.0 = Release|Any CPU
	EndGlobalSection
	GlobalSection(SolutionProperties) = preSolution
		HideSolutionNode = FALSE
	EndGlobalSection
	GlobalSection(ExtensibilityGlobals) = postSolution
		SolutionGuid = {45AFED6D-51EF-48D6-AE72-FAFB6C0212CC}
	EndGlobalSection
EndGlobal
