
Microsoft Visual Studio Solution File, Format Version 12.00
# Visual Studio Version 16
VisualStudioVersion = 16.0.29306.81
MinimumVisualStudioVersion = 10.0.40219.1
Project("{8BC9CEB8-8B4A-11D0-8D11-00A0C91BC942}") = "zadanie_1205", "zadanie_1205\zadanie_1205.vcxproj", "{99E76B01-37A8-4D87-B825-B0171CBA4975}"
EndProject
Global
	GlobalSection(SolutionConfigurationPlatforms) = preSolution
		Debug|x64 = Debug|x64
		Debug|x86 = Debug|x86
		Release|x64 = Release|x64
		Release|x86 = Release|x86
	EndGlobalSection
	GlobalSection(ProjectConfigurationPlatforms) = postSolution
		{99E76B01-37A8-4D87-B825-B0171CBA4975}.Debug|x64.ActiveCfg = Debug|x64
		{99E76B01-37A8-4D87-B825-B0171CBA4975}.Debug|x64.Build.0 = Debug|x64
		{99E76B01-37A8-4D87-B825-B0171CBA4975}.Debug|x86.ActiveCfg = Debug|Win32
		{99E76B01-37A8-4D87-B825-B0171CBA4975}.Debug|x86.Build.0 = Debug|Win32
		{99E76B01-37A8-4D87-B825-B0171CBA4975}.Release|x64.ActiveCfg = Release|x64
		{99E76B01-37A8-4D87-B825-B0171CBA4975}.Release|x64.Build.0 = Release|x64
		{99E76B01-37A8-4D87-B825-B0171CBA4975}.Release|x86.ActiveCfg = Release|Win32
		{99E76B01-37A8-4D87-B825-B0171CBA4975}.Release|x86.Build.0 = Release|Win32
	EndGlobalSection
	GlobalSection(SolutionProperties) = preSolution
		HideSolutionNode = FALSE
	EndGlobalSection
	GlobalSection(ExtensibilityGlobals) = postSolution
		SolutionGuid = {2A7258A2-3313-4CCD-B38E-677EC1063D68}
	EndGlobalSection
EndGlobal
