
Microsoft Visual Studio Solution File, Format Version 12.00
# Visual Studio Version 16
VisualStudioVersion = 16.0.31729.503
MinimumVisualStudioVersion = 10.0.40219.1
Project("{FAE04EC0-301F-11D3-BF4B-00C04F79EFBC}") = "task", "task\task.csproj", "{DE9EFF37-CD47-4580-AF17-574189AE3C55}"
EndProject
Global
	GlobalSection(SolutionConfigurationPlatforms) = preSolution
		Debug|Any CPU = Debug|Any CPU
		Release|Any CPU = Release|Any CPU
	EndGlobalSection
	GlobalSection(ProjectConfigurationPlatforms) = postSolution
		{DE9EFF37-CD47-4580-AF17-574189AE3C55}.Debug|Any CPU.ActiveCfg = Debug|Any CPU
		{DE9EFF37-CD47-4580-AF17-574189AE3C55}.Debug|Any CPU.Build.0 = Debug|Any CPU
		{DE9EFF37-CD47-4580-AF17-574189AE3C55}.Release|Any CPU.ActiveCfg = Release|Any CPU
		{DE9EFF37-CD47-4580-AF17-574189AE3C55}.Release|Any CPU.Build.0 = Release|Any CPU
	EndGlobalSection
	GlobalSection(SolutionProperties) = preSolution
		HideSolutionNode = FALSE
	EndGlobalSection
	GlobalSection(ExtensibilityGlobals) = postSolution
		SolutionGuid = {7A287693-CF6B-48D2-9877-7B4E1AAB24C2}
	EndGlobalSection
EndGlobal
