
Microsoft Visual Studio Solution File, Format Version 12.00
# Visual Studio 15
VisualStudioVersion = 15.0.28307.438
MinimumVisualStudioVersion = 10.0.40219.1
Project("{FAE04EC0-301F-11D3-BF4B-00C04F79EFBC}") = "1.5", "lab1\1.5.csproj", "{B759CAD3-CFFA-4AD5-81C7-6B765EA24BF2}"
EndProject
Project("{FAE04EC0-301F-11D3-BF4B-00C04F79EFBC}") = "1.1", "1.1\1.1.csproj", "{D46D9810-54CB-4388-BFA0-7FFB2F44BD8D}"
EndProject
Project("{FAE04EC0-301F-11D3-BF4B-00C04F79EFBC}") = "1.2", "1.2\1.2.csproj", "{BB8A77D9-DE81-424D-9035-FD29D21F2808}"
EndProject
Project("{FAE04EC0-301F-11D3-BF4B-00C04F79EFBC}") = "1.3", "1.3\1.3.csproj", "{BF87AC31-DBA0-43BA-B112-34F6D139BBD7}"
EndProject
Project("{FAE04EC0-301F-11D3-BF4B-00C04F79EFBC}") = "1.4", "1.4\1.4.csproj", "{C235B213-B235-468F-85E2-03D464252190}"
EndProject
Project("{FAE04EC0-301F-11D3-BF4B-00C04F79EFBC}") = "1.6", "1.6\1.6.csproj", "{D7DEECC6-85A7-48DE-9389-63EE1ACEEFC1}"
EndProject
Project("{FAE04EC0-301F-11D3-BF4B-00C04F79EFBC}") = "1.7", "1,\1.7.csproj", "{BCE124BA-823D-49C8-809A-84A02AF4076D}"
EndProject
Project("{FAE04EC0-301F-11D3-BF4B-00C04F79EFBC}") = "1.8", "1.8\1.8.csproj", "{0660FCF5-3E56-4320-8507-3BA6B00E9C5E}"
EndProject
Project("{FAE04EC0-301F-11D3-BF4B-00C04F79EFBC}") = "1.9", "1.9\1.9.csproj", "{E71257D2-E7E5-4180-B045-AFBE1AB240E3}"
EndProject
Project("{FAE04EC0-301F-11D3-BF4B-00C04F79EFBC}") = "1.10", "1.10\1.10.csproj", "{A6A58E2D-6441-440F-9573-48DD2CF3E22A}"
EndProject
Project("{FAE04EC0-301F-11D3-BF4B-00C04F79EFBC}") = "1.11", "1.11\1.11.csproj", "{0BDBFE0C-882D-4986-8D9F-46FB82B9227A}"
EndProject
Global
	GlobalSection(SolutionConfigurationPlatforms) = preSolution
		Debug|Any CPU = Debug|Any CPU
		Release|Any CPU = Release|Any CPU
	EndGlobalSection
	GlobalSection(ProjectConfigurationPlatforms) = postSolution
		{B759CAD3-CFFA-4AD5-81C7-6B765EA24BF2}.Debug|Any CPU.ActiveCfg = Debug|Any CPU
		{B759CAD3-CFFA-4AD5-81C7-6B765EA24BF2}.Debug|Any CPU.Build.0 = Debug|Any CPU
		{B759CAD3-CFFA-4AD5-81C7-6B765EA24BF2}.Release|Any CPU.ActiveCfg = Release|Any CPU
		{B759CAD3-CFFA-4AD5-81C7-6B765EA24BF2}.Release|Any CPU.Build.0 = Release|Any CPU
		{D46D9810-54CB-4388-BFA0-7FFB2F44BD8D}.Debug|Any CPU.ActiveCfg = Debug|Any CPU
		{D46D9810-54CB-4388-BFA0-7FFB2F44BD8D}.Debug|Any CPU.Build.0 = Debug|Any CPU
		{D46D9810-54CB-4388-BFA0-7FFB2F44BD8D}.Release|Any CPU.ActiveCfg = Release|Any CPU
		{D46D9810-54CB-4388-BFA0-7FFB2F44BD8D}.Release|Any CPU.Build.0 = Release|Any CPU
		{BB8A77D9-DE81-424D-9035-FD29D21F2808}.Debug|Any CPU.ActiveCfg = Debug|Any CPU
		{BB8A77D9-DE81-424D-9035-FD29D21F2808}.Debug|Any CPU.Build.0 = Debug|Any CPU
		{BB8A77D9-DE81-424D-9035-FD29D21F2808}.Release|Any CPU.ActiveCfg = Release|Any CPU
		{BB8A77D9-DE81-424D-9035-FD29D21F2808}.Release|Any CPU.Build.0 = Release|Any CPU
		{BF87AC31-DBA0-43BA-B112-34F6D139BBD7}.Debug|Any CPU.ActiveCfg = Debug|Any CPU
		{BF87AC31-DBA0-43BA-B112-34F6D139BBD7}.Debug|Any CPU.Build.0 = Debug|Any CPU
		{BF87AC31-DBA0-43BA-B112-34F6D139BBD7}.Release|Any CPU.ActiveCfg = Release|Any CPU
		{BF87AC31-DBA0-43BA-B112-34F6D139BBD7}.Release|Any CPU.Build.0 = Release|Any CPU
		{C235B213-B235-468F-85E2-03D464252190}.Debug|Any CPU.ActiveCfg = Debug|Any CPU
		{C235B213-B235-468F-85E2-03D464252190}.Debug|Any CPU.Build.0 = Debug|Any CPU
		{C235B213-B235-468F-85E2-03D464252190}.Release|Any CPU.ActiveCfg = Release|Any CPU
		{C235B213-B235-468F-85E2-03D464252190}.Release|Any CPU.Build.0 = Release|Any CPU
		{D7DEECC6-85A7-48DE-9389-63EE1ACEEFC1}.Debug|Any CPU.ActiveCfg = Debug|Any CPU
		{D7DEECC6-85A7-48DE-9389-63EE1ACEEFC1}.Debug|Any CPU.Build.0 = Debug|Any CPU
		{D7DEECC6-85A7-48DE-9389-63EE1ACEEFC1}.Release|Any CPU.ActiveCfg = Release|Any CPU
		{D7DEECC6-85A7-48DE-9389-63EE1ACEEFC1}.Release|Any CPU.Build.0 = Release|Any CPU
		{BCE124BA-823D-49C8-809A-84A02AF4076D}.Debug|Any CPU.ActiveCfg = Debug|Any CPU
		{BCE124BA-823D-49C8-809A-84A02AF4076D}.Debug|Any CPU.Build.0 = Debug|Any CPU
		{BCE124BA-823D-49C8-809A-84A02AF4076D}.Release|Any CPU.ActiveCfg = Release|Any CPU
		{BCE124BA-823D-49C8-809A-84A02AF4076D}.Release|Any CPU.Build.0 = Release|Any CPU
		{0660FCF5-3E56-4320-8507-3BA6B00E9C5E}.Debug|Any CPU.ActiveCfg = Debug|Any CPU
		{0660FCF5-3E56-4320-8507-3BA6B00E9C5E}.Debug|Any CPU.Build.0 = Debug|Any CPU
		{0660FCF5-3E56-4320-8507-3BA6B00E9C5E}.Release|Any CPU.ActiveCfg = Release|Any CPU
		{0660FCF5-3E56-4320-8507-3BA6B00E9C5E}.Release|Any CPU.Build.0 = Release|Any CPU
		{E71257D2-E7E5-4180-B045-AFBE1AB240E3}.Debug|Any CPU.ActiveCfg = Debug|Any CPU
		{E71257D2-E7E5-4180-B045-AFBE1AB240E3}.Debug|Any CPU.Build.0 = Debug|Any CPU
		{E71257D2-E7E5-4180-B045-AFBE1AB240E3}.Release|Any CPU.ActiveCfg = Release|Any CPU
		{E71257D2-E7E5-4180-B045-AFBE1AB240E3}.Release|Any CPU.Build.0 = Release|Any CPU
		{A6A58E2D-6441-440F-9573-48DD2CF3E22A}.Debug|Any CPU.ActiveCfg = Debug|Any CPU
		{A6A58E2D-6441-440F-9573-48DD2CF3E22A}.Debug|Any CPU.Build.0 = Debug|Any CPU
		{A6A58E2D-6441-440F-9573-48DD2CF3E22A}.Release|Any CPU.ActiveCfg = Release|Any CPU
		{A6A58E2D-6441-440F-9573-48DD2CF3E22A}.Release|Any CPU.Build.0 = Release|Any CPU
		{0BDBFE0C-882D-4986-8D9F-46FB82B9227A}.Debug|Any CPU.ActiveCfg = Debug|Any CPU
		{0BDBFE0C-882D-4986-8D9F-46FB82B9227A}.Debug|Any CPU.Build.0 = Debug|Any CPU
		{0BDBFE0C-882D-4986-8D9F-46FB82B9227A}.Release|Any CPU.ActiveCfg = Release|Any CPU
		{0BDBFE0C-882D-4986-8D9F-46FB82B9227A}.Release|Any CPU.Build.0 = Release|Any CPU
	EndGlobalSection
	GlobalSection(SolutionProperties) = preSolution
		HideSolutionNode = FALSE
	EndGlobalSection
	GlobalSection(ExtensibilityGlobals) = postSolution
		SolutionGuid = {56E09F0F-CA53-4EEB-BC23-F4FDAAF89648}
	EndGlobalSection
EndGlobal
