
Microsoft Visual Studio Solution File, Format Version 12.00
# Visual Studio Version 17
VisualStudioVersion = 17.0.32112.339
MinimumVisualStudioVersion = 10.0.40219.1
Project("{FAE04EC0-301F-11D3-BF4B-00C04F79EFBC}") = "EXAM2204", "EXAM2204.csproj", "{204FE6A5-8D06-4AEF-8A64-0EA385AD520C}"
EndProject
Project("{FAE04EC0-301F-11D3-BF4B-00C04F79EFBC}") = "UnitTestProject1", "..\UnitTestProject1\UnitTestProject1.csproj", "{2D622730-9CB5-4153-AE34-0E45AFE55E8B}"
EndProject
Project("{FAE04EC0-301F-11D3-BF4B-00C04F79EFBC}") = "ClassLibrary1", "..\ClassLibrary1\ClassLibrary1.csproj", "{D0731B1F-F431-4304-B1EE-AFD23A921AFD}"
EndProject
Global
	GlobalSection(SolutionConfigurationPlatforms) = preSolution
		Debug|Any CPU = Debug|Any CPU
		Release|Any CPU = Release|Any CPU
	EndGlobalSection
	GlobalSection(ProjectConfigurationPlatforms) = postSolution
		{204FE6A5-8D06-4AEF-8A64-0EA385AD520C}.Debug|Any CPU.ActiveCfg = Debug|Any CPU
		{204FE6A5-8D06-4AEF-8A64-0EA385AD520C}.Debug|Any CPU.Build.0 = Debug|Any CPU
		{204FE6A5-8D06-4AEF-8A64-0EA385AD520C}.Release|Any CPU.ActiveCfg = Release|Any CPU
		{204FE6A5-8D06-4AEF-8A64-0EA385AD520C}.Release|Any CPU.Build.0 = Release|Any CPU
		{2D622730-9CB5-4153-AE34-0E45AFE55E8B}.Debug|Any CPU.ActiveCfg = Debug|Any CPU
		{2D622730-9CB5-4153-AE34-0E45AFE55E8B}.Debug|Any CPU.Build.0 = Debug|Any CPU
		{2D622730-9CB5-4153-AE34-0E45AFE55E8B}.Release|Any CPU.ActiveCfg = Release|Any CPU
		{2D622730-9CB5-4153-AE34-0E45AFE55E8B}.Release|Any CPU.Build.0 = Release|Any CPU
		{D0731B1F-F431-4304-B1EE-AFD23A921AFD}.Debug|Any CPU.ActiveCfg = Debug|Any CPU
		{D0731B1F-F431-4304-B1EE-AFD23A921AFD}.Debug|Any CPU.Build.0 = Debug|Any CPU
		{D0731B1F-F431-4304-B1EE-AFD23A921AFD}.Release|Any CPU.ActiveCfg = Release|Any CPU
		{D0731B1F-F431-4304-B1EE-AFD23A921AFD}.Release|Any CPU.Build.0 = Release|Any CPU
	EndGlobalSection
	GlobalSection(SolutionProperties) = preSolution
		HideSolutionNode = FALSE
	EndGlobalSection
	GlobalSection(ExtensibilityGlobals) = postSolution
		SolutionGuid = {F3AC2F8F-7EC0-464D-A7FE-526DDFBE2E77}
	EndGlobalSection
EndGlobal
