
Microsoft Visual Studio Solution File, Format Version 12.00
# Visual Studio Version 16
VisualStudioVersion = 16.0.29306.81
MinimumVisualStudioVersion = 10.0.40219.1
Project("{FAE04EC0-301F-11D3-BF4B-00C04F79EFBC}") = "zadanie_1313_c", "zadanie_1313_c\zadanie_1313_c.csproj", "{18EC318E-C34E-4699-B532-7C5E44A82A4F}"
EndProject
Global
	GlobalSection(SolutionConfigurationPlatforms) = preSolution
		Debug|Any CPU = Debug|Any CPU
		Release|Any CPU = Release|Any CPU
	EndGlobalSection
	GlobalSection(ProjectConfigurationPlatforms) = postSolution
		{18EC318E-C34E-4699-B532-7C5E44A82A4F}.Debug|Any CPU.ActiveCfg = Debug|Any CPU
		{18EC318E-C34E-4699-B532-7C5E44A82A4F}.Debug|Any CPU.Build.0 = Debug|Any CPU
		{18EC318E-C34E-4699-B532-7C5E44A82A4F}.Release|Any CPU.ActiveCfg = Release|Any CPU
		{18EC318E-C34E-4699-B532-7C5E44A82A4F}.Release|Any CPU.Build.0 = Release|Any CPU
	EndGlobalSection
	GlobalSection(SolutionProperties) = preSolution
		HideSolutionNode = FALSE
	EndGlobalSection
	GlobalSection(ExtensibilityGlobals) = postSolution
		SolutionGuid = {ADEA8EB6-7317-46A4-BDF0-FAB51B08C0A0}
	EndGlobalSection
EndGlobal
