<<<<<<< HEAD
﻿
Microsoft Visual Studio Solution File, Format Version 12.00
# Visual Studio Version 17
VisualStudioVersion = 17.0.32014.148
MinimumVisualStudioVersion = 10.0.40219.1
Project("{FAE04EC0-301F-11D3-BF4B-00C04F79EFBC}") = "Lab_2", "Lab_2\Lab_2.csproj", "{00703656-DAC3-409A-8656-9F04C50A10E1}"
EndProject
Project("{FAE04EC0-301F-11D3-BF4B-00C04F79EFBC}") = "try2", "try2\try2.csproj", "{E2F9BD0C-E39A-4C2E-9AC0-B30D3DD4324A}"
EndProject
Global
	GlobalSection(SolutionConfigurationPlatforms) = preSolution
		Debug|Any CPU = Debug|Any CPU
		Release|Any CPU = Release|Any CPU
	EndGlobalSection
	GlobalSection(ProjectConfigurationPlatforms) = postSolution
		{00703656-DAC3-409A-8656-9F04C50A10E1}.Debug|Any CPU.ActiveCfg = Debug|Any CPU
		{00703656-DAC3-409A-8656-9F04C50A10E1}.Debug|Any CPU.Build.0 = Debug|Any CPU
		{00703656-DAC3-409A-8656-9F04C50A10E1}.Release|Any CPU.ActiveCfg = Release|Any CPU
		{00703656-DAC3-409A-8656-9F04C50A10E1}.Release|Any CPU.Build.0 = Release|Any CPU
		{E2F9BD0C-E39A-4C2E-9AC0-B30D3DD4324A}.Debug|Any CPU.ActiveCfg = Debug|Any CPU
		{E2F9BD0C-E39A-4C2E-9AC0-B30D3DD4324A}.Debug|Any CPU.Build.0 = Debug|Any CPU
		{E2F9BD0C-E39A-4C2E-9AC0-B30D3DD4324A}.Release|Any CPU.ActiveCfg = Release|Any CPU
		{E2F9BD0C-E39A-4C2E-9AC0-B30D3DD4324A}.Release|Any CPU.Build.0 = Release|Any CPU
	EndGlobalSection
	GlobalSection(SolutionProperties) = preSolution
		HideSolutionNode = FALSE
	EndGlobalSection
	GlobalSection(ExtensibilityGlobals) = postSolution
		SolutionGuid = {3E03C069-754F-497B-8298-7B37AFC161B2}
	EndGlobalSection
EndGlobal
=======
﻿
Microsoft Visual Studio Solution File, Format Version 12.00
# Visual Studio Version 17
VisualStudioVersion = 17.0.32014.148
MinimumVisualStudioVersion = 10.0.40219.1
Project("{FAE04EC0-301F-11D3-BF4B-00C04F79EFBC}") = "Lab_2", "Lab_2\Lab_2.csproj", "{00703656-DAC3-409A-8656-9F04C50A10E1}"
EndProject
Project("{FAE04EC0-301F-11D3-BF4B-00C04F79EFBC}") = "try2", "try2\try2.csproj", "{E2F9BD0C-E39A-4C2E-9AC0-B30D3DD4324A}"
EndProject
Global
	GlobalSection(SolutionConfigurationPlatforms) = preSolution
		Debug|Any CPU = Debug|Any CPU
		Release|Any CPU = Release|Any CPU
	EndGlobalSection
	GlobalSection(ProjectConfigurationPlatforms) = postSolution
		{00703656-DAC3-409A-8656-9F04C50A10E1}.Debug|Any CPU.ActiveCfg = Debug|Any CPU
		{00703656-DAC3-409A-8656-9F04C50A10E1}.Debug|Any CPU.Build.0 = Debug|Any CPU
		{00703656-DAC3-409A-8656-9F04C50A10E1}.Release|Any CPU.ActiveCfg = Release|Any CPU
		{00703656-DAC3-409A-8656-9F04C50A10E1}.Release|Any CPU.Build.0 = Release|Any CPU
		{E2F9BD0C-E39A-4C2E-9AC0-B30D3DD4324A}.Debug|Any CPU.ActiveCfg = Debug|Any CPU
		{E2F9BD0C-E39A-4C2E-9AC0-B30D3DD4324A}.Debug|Any CPU.Build.0 = Debug|Any CPU
		{E2F9BD0C-E39A-4C2E-9AC0-B30D3DD4324A}.Release|Any CPU.ActiveCfg = Release|Any CPU
		{E2F9BD0C-E39A-4C2E-9AC0-B30D3DD4324A}.Release|Any CPU.Build.0 = Release|Any CPU
	EndGlobalSection
	GlobalSection(SolutionProperties) = preSolution
		HideSolutionNode = FALSE
	EndGlobalSection
	GlobalSection(ExtensibilityGlobals) = postSolution
		SolutionGuid = {3E03C069-754F-497B-8298-7B37AFC161B2}
	EndGlobalSection
EndGlobal
>>>>>>> ad22ee082dac6ece8d23d5999a86f8d8c86438df
