
Microsoft Visual Studio Solution File, Format Version 12.00
# Visual Studio Version 16
VisualStudioVersion = 16.0.29306.81
MinimumVisualStudioVersion = 10.0.40219.1
Project("{8BC9CEB8-8B4A-11D0-8D11-00A0C91BC942}") = "zadanie_1448", "zadanie_1448\zadanie_1448.vcxproj", "{02BA1F55-DB06-4F3C-B154-8A44861A8D59}"
EndProject
Global
	GlobalSection(SolutionConfigurationPlatforms) = preSolution
		Debug|x64 = Debug|x64
		Debug|x86 = Debug|x86
		Release|x64 = Release|x64
		Release|x86 = Release|x86
	EndGlobalSection
	GlobalSection(ProjectConfigurationPlatforms) = postSolution
		{02BA1F55-DB06-4F3C-B154-8A44861A8D59}.Debug|x64.ActiveCfg = Debug|x64
		{02BA1F55-DB06-4F3C-B154-8A44861A8D59}.Debug|x64.Build.0 = Debug|x64
		{02BA1F55-DB06-4F3C-B154-8A44861A8D59}.Debug|x86.ActiveCfg = Debug|Win32
		{02BA1F55-DB06-4F3C-B154-8A44861A8D59}.Debug|x86.Build.0 = Debug|Win32
		{02BA1F55-DB06-4F3C-B154-8A44861A8D59}.Release|x64.ActiveCfg = Release|x64
		{02BA1F55-DB06-4F3C-B154-8A44861A8D59}.Release|x64.Build.0 = Release|x64
		{02BA1F55-DB06-4F3C-B154-8A44861A8D59}.Release|x86.ActiveCfg = Release|Win32
		{02BA1F55-DB06-4F3C-B154-8A44861A8D59}.Release|x86.Build.0 = Release|Win32
	EndGlobalSection
	GlobalSection(SolutionProperties) = preSolution
		HideSolutionNode = FALSE
	EndGlobalSection
	GlobalSection(ExtensibilityGlobals) = postSolution
		SolutionGuid = {F176E2CA-F040-470B-B78D-B0BD4E515691}
	EndGlobalSection
EndGlobal
