
Microsoft Visual Studio Solution File, Format Version 12.00
# Visual Studio Version 17
VisualStudioVersion = 17.0.32014.148
MinimumVisualStudioVersion = 10.0.40219.1
Project("{FAE04EC0-301F-11D3-BF4B-00C04F79EFBC}") = "ConsoleApp9", "ConsoleApp9\ConsoleApp9.csproj", "{4D98B2A2-7238-4DDD-A947-1EB26A21115A}"
EndProject
Global
	GlobalSection(SolutionConfigurationPlatforms) = preSolution
		Debug|Any CPU = Debug|Any CPU
		Release|Any CPU = Release|Any CPU
	EndGlobalSection
	GlobalSection(ProjectConfigurationPlatforms) = postSolution
		{4D98B2A2-7238-4DDD-A947-1EB26A21115A}.Debug|Any CPU.ActiveCfg = Debug|Any CPU
		{4D98B2A2-7238-4DDD-A947-1EB26A21115A}.Debug|Any CPU.Build.0 = Debug|Any CPU
		{4D98B2A2-7238-4DDD-A947-1EB26A21115A}.Release|Any CPU.ActiveCfg = Release|Any CPU
		{4D98B2A2-7238-4DDD-A947-1EB26A21115A}.Release|Any CPU.Build.0 = Release|Any CPU
	EndGlobalSection
	GlobalSection(SolutionProperties) = preSolution
		HideSolutionNode = FALSE
	EndGlobalSection
	GlobalSection(ExtensibilityGlobals) = postSolution
		SolutionGuid = {46536FE4-B9ED-44AE-9D36-00202C2F49D2}
	EndGlobalSection
EndGlobal
