
Microsoft Visual Studio Solution File, Format Version 12.00
# Visual Studio Version 16
VisualStudioVersion = 16.0.30011.22
MinimumVisualStudioVersion = 10.0.40219.1
Project("{9A19103F-16F7-4668-BE54-9A1E7A4F7556}") = "zadanie_1", "zadanie_1\zadanie_1.csproj", "{446CB249-D4AD-4F85-AB03-8C6A3E48CDDA}"
EndProject
Project("{FAE04EC0-301F-11D3-BF4B-00C04F79EFBC}") = "zadanie_2", "zadanie_2\zadanie_2.csproj", "{CEE228A4-160B-4487-9646-F00F5E48C1C8}"
EndProject
Project("{FAE04EC0-301F-11D3-BF4B-00C04F79EFBC}") = "zadanie_3", "zadanie_3\zadanie_3.csproj", "{4765E5CF-B87B-4612-9375-23BC3C7DE844}"
EndProject
Global
	GlobalSection(SolutionConfigurationPlatforms) = preSolution
		Debug|Any CPU = Debug|Any CPU
		Release|Any CPU = Release|Any CPU
	EndGlobalSection
	GlobalSection(ProjectConfigurationPlatforms) = postSolution
		{446CB249-D4AD-4F85-AB03-8C6A3E48CDDA}.Debug|Any CPU.ActiveCfg = Debug|Any CPU
		{446CB249-D4AD-4F85-AB03-8C6A3E48CDDA}.Debug|Any CPU.Build.0 = Debug|Any CPU
		{446CB249-D4AD-4F85-AB03-8C6A3E48CDDA}.Release|Any CPU.ActiveCfg = Release|Any CPU
		{446CB249-D4AD-4F85-AB03-8C6A3E48CDDA}.Release|Any CPU.Build.0 = Release|Any CPU
		{CEE228A4-160B-4487-9646-F00F5E48C1C8}.Debug|Any CPU.ActiveCfg = Debug|Any CPU
		{CEE228A4-160B-4487-9646-F00F5E48C1C8}.Debug|Any CPU.Build.0 = Debug|Any CPU
		{CEE228A4-160B-4487-9646-F00F5E48C1C8}.Release|Any CPU.ActiveCfg = Release|Any CPU
		{CEE228A4-160B-4487-9646-F00F5E48C1C8}.Release|Any CPU.Build.0 = Release|Any CPU
		{4765E5CF-B87B-4612-9375-23BC3C7DE844}.Debug|Any CPU.ActiveCfg = Debug|Any CPU
		{4765E5CF-B87B-4612-9375-23BC3C7DE844}.Debug|Any CPU.Build.0 = Debug|Any CPU
		{4765E5CF-B87B-4612-9375-23BC3C7DE844}.Release|Any CPU.ActiveCfg = Release|Any CPU
		{4765E5CF-B87B-4612-9375-23BC3C7DE844}.Release|Any CPU.Build.0 = Release|Any CPU
	EndGlobalSection
	GlobalSection(SolutionProperties) = preSolution
		HideSolutionNode = FALSE
	EndGlobalSection
	GlobalSection(ExtensibilityGlobals) = postSolution
		SolutionGuid = {B6C878A9-3015-4D9A-BB77-7AAAE7C90826}
	EndGlobalSection
EndGlobal
