
Microsoft Visual Studio Solution File, Format Version 12.00
# Visual Studio Version 16
VisualStudioVersion = 16.0.29519.87
MinimumVisualStudioVersion = 10.0.40219.1
Project("{FAE04EC0-301F-11D3-BF4B-00C04F79EFBC}") = "1205", "1205\1205.csproj", "{D5DA49CD-9C4B-45B3-8A97-444380B23F14}"
EndProject
Global
	GlobalSection(SolutionConfigurationPlatforms) = preSolution
		Debug|Any CPU = Debug|Any CPU
		Release|Any CPU = Release|Any CPU
	EndGlobalSection
	GlobalSection(ProjectConfigurationPlatforms) = postSolution
		{D5DA49CD-9C4B-45B3-8A97-444380B23F14}.Debug|Any CPU.ActiveCfg = Debug|Any CPU
		{D5DA49CD-9C4B-45B3-8A97-444380B23F14}.Debug|Any CPU.Build.0 = Debug|Any CPU
		{D5DA49CD-9C4B-45B3-8A97-444380B23F14}.Release|Any CPU.ActiveCfg = Release|Any CPU
		{D5DA49CD-9C4B-45B3-8A97-444380B23F14}.Release|Any CPU.Build.0 = Release|Any CPU
	EndGlobalSection
	GlobalSection(SolutionProperties) = preSolution
		HideSolutionNode = FALSE
	EndGlobalSection
	GlobalSection(ExtensibilityGlobals) = postSolution
		SolutionGuid = {74F04EF3-A6B8-4A32-8F74-47B7ED2381B9}
	EndGlobalSection
EndGlobal
