
Microsoft Visual Studio Solution File, Format Version 12.00
# Visual Studio 15
VisualStudioVersion = 15.0.28307.438
MinimumVisualStudioVersion = 10.0.40219.1
Project("{FAE04EC0-301F-11D3-BF4B-00C04F79EFBC}") = "organiser", "organiser\organiser.csproj", "{9806CD2F-EF4B-4A18-BD40-4B676C62E5F0}"
EndProject
Project("{FAE04EC0-301F-11D3-BF4B-00C04F79EFBC}") = "ConsoleApp1", "ConsoleApp1\ConsoleApp1.csproj", "{C089B5FA-08A8-4E68-A169-6EBA19E566D4}"
EndProject
Global
	GlobalSection(SolutionConfigurationPlatforms) = preSolution
		Debug|Any CPU = Debug|Any CPU
		Release|Any CPU = Release|Any CPU
	EndGlobalSection
	GlobalSection(ProjectConfigurationPlatforms) = postSolution
		{9806CD2F-EF4B-4A18-BD40-4B676C62E5F0}.Debug|Any CPU.ActiveCfg = Debug|Any CPU
		{9806CD2F-EF4B-4A18-BD40-4B676C62E5F0}.Debug|Any CPU.Build.0 = Debug|Any CPU
		{9806CD2F-EF4B-4A18-BD40-4B676C62E5F0}.Release|Any CPU.ActiveCfg = Release|Any CPU
		{9806CD2F-EF4B-4A18-BD40-4B676C62E5F0}.Release|Any CPU.Build.0 = Release|Any CPU
		{C089B5FA-08A8-4E68-A169-6EBA19E566D4}.Debug|Any CPU.ActiveCfg = Debug|Any CPU
		{C089B5FA-08A8-4E68-A169-6EBA19E566D4}.Debug|Any CPU.Build.0 = Debug|Any CPU
		{C089B5FA-08A8-4E68-A169-6EBA19E566D4}.Release|Any CPU.ActiveCfg = Release|Any CPU
		{C089B5FA-08A8-4E68-A169-6EBA19E566D4}.Release|Any CPU.Build.0 = Release|Any CPU
	EndGlobalSection
	GlobalSection(SolutionProperties) = preSolution
		HideSolutionNode = FALSE
	EndGlobalSection
	GlobalSection(ExtensibilityGlobals) = postSolution
		SolutionGuid = {8E7FACC3-DAC9-4782-9FD3-6ECFE1F14394}
	EndGlobalSection
EndGlobal
