
Microsoft Visual Studio Solution File, Format Version 12.00
# Visual Studio 14
VisualStudioVersion = 14.0.25420.1
MinimumVisualStudioVersion = 10.0.40219.1
Project("{8BC9CEB8-8B4A-11D0-8D11-00A0C91BC942}") = "ConsoleApplication3", "ConsoleApplication3\ConsoleApplication3.vcxproj", "{7A8CCFD0-0C39-469B-84AF-F50D8A840FDA}"
EndProject
Project("{FAE04EC0-301F-11D3-BF4B-00C04F79EFBC}") = "ConsoleApplication1", "ConsoleApplication1\ConsoleApplication1.csproj", "{6916B3F0-D2FE-4147-8546-EFA0BE5CD873}"
EndProject
Global
	GlobalSection(SolutionConfigurationPlatforms) = preSolution
		Debug|Any CPU = Debug|Any CPU
		Debug|x64 = Debug|x64
		Debug|x86 = Debug|x86
		Release|Any CPU = Release|Any CPU
		Release|x64 = Release|x64
		Release|x86 = Release|x86
	EndGlobalSection
	GlobalSection(ProjectConfigurationPlatforms) = postSolution
		{7A8CCFD0-0C39-469B-84AF-F50D8A840FDA}.Debug|Any CPU.ActiveCfg = Debug|Win32
		{7A8CCFD0-0C39-469B-84AF-F50D8A840FDA}.Debug|x64.ActiveCfg = Debug|x64
		{7A8CCFD0-0C39-469B-84AF-F50D8A840FDA}.Debug|x64.Build.0 = Debug|x64
		{7A8CCFD0-0C39-469B-84AF-F50D8A840FDA}.Debug|x86.ActiveCfg = Debug|Win32
		{7A8CCFD0-0C39-469B-84AF-F50D8A840FDA}.Debug|x86.Build.0 = Debug|Win32
		{7A8CCFD0-0C39-469B-84AF-F50D8A840FDA}.Release|Any CPU.ActiveCfg = Release|Win32
		{7A8CCFD0-0C39-469B-84AF-F50D8A840FDA}.Release|x64.ActiveCfg = Release|x64
		{7A8CCFD0-0C39-469B-84AF-F50D8A840FDA}.Release|x64.Build.0 = Release|x64
		{7A8CCFD0-0C39-469B-84AF-F50D8A840FDA}.Release|x86.ActiveCfg = Release|Win32
		{7A8CCFD0-0C39-469B-84AF-F50D8A840FDA}.Release|x86.Build.0 = Release|Win32
		{6916B3F0-D2FE-4147-8546-EFA0BE5CD873}.Debug|Any CPU.ActiveCfg = Debug|Any CPU
		{6916B3F0-D2FE-4147-8546-EFA0BE5CD873}.Debug|Any CPU.Build.0 = Debug|Any CPU
		{6916B3F0-D2FE-4147-8546-EFA0BE5CD873}.Debug|x64.ActiveCfg = Debug|Any CPU
		{6916B3F0-D2FE-4147-8546-EFA0BE5CD873}.Debug|x64.Build.0 = Debug|Any CPU
		{6916B3F0-D2FE-4147-8546-EFA0BE5CD873}.Debug|x86.ActiveCfg = Debug|Any CPU
		{6916B3F0-D2FE-4147-8546-EFA0BE5CD873}.Debug|x86.Build.0 = Debug|Any CPU
		{6916B3F0-D2FE-4147-8546-EFA0BE5CD873}.Release|Any CPU.ActiveCfg = Release|Any CPU
		{6916B3F0-D2FE-4147-8546-EFA0BE5CD873}.Release|Any CPU.Build.0 = Release|Any CPU
		{6916B3F0-D2FE-4147-8546-EFA0BE5CD873}.Release|x64.ActiveCfg = Release|Any CPU
		{6916B3F0-D2FE-4147-8546-EFA0BE5CD873}.Release|x64.Build.0 = Release|Any CPU
		{6916B3F0-D2FE-4147-8546-EFA0BE5CD873}.Release|x86.ActiveCfg = Release|Any CPU
		{6916B3F0-D2FE-4147-8546-EFA0BE5CD873}.Release|x86.Build.0 = Release|Any CPU
	EndGlobalSection
	GlobalSection(SolutionProperties) = preSolution
		HideSolutionNode = FALSE
	EndGlobalSection
EndGlobal
