
Microsoft Visual Studio Solution File, Format Version 12.00
# Visual Studio Version 16
VisualStudioVersion = 16.0.29519.87
MinimumVisualStudioVersion = 10.0.40219.1
Project("{FAE04EC0-301F-11D3-BF4B-00C04F79EFBC}") = "zadanie_1124_c", "zadanie_1124_c\zadanie_1124_c.csproj", "{38BFE1F9-1574-473A-8A5B-0A3E8254AB4B}"
EndProject
Global
	GlobalSection(SolutionConfigurationPlatforms) = preSolution
		Debug|Any CPU = Debug|Any CPU
		Release|Any CPU = Release|Any CPU
	EndGlobalSection
	GlobalSection(ProjectConfigurationPlatforms) = postSolution
		{38BFE1F9-1574-473A-8A5B-0A3E8254AB4B}.Debug|Any CPU.ActiveCfg = Debug|Any CPU
		{38BFE1F9-1574-473A-8A5B-0A3E8254AB4B}.Debug|Any CPU.Build.0 = Debug|Any CPU
		{38BFE1F9-1574-473A-8A5B-0A3E8254AB4B}.Release|Any CPU.ActiveCfg = Release|Any CPU
		{38BFE1F9-1574-473A-8A5B-0A3E8254AB4B}.Release|Any CPU.Build.0 = Release|Any CPU
	EndGlobalSection
	GlobalSection(SolutionProperties) = preSolution
		HideSolutionNode = FALSE
	EndGlobalSection
	GlobalSection(ExtensibilityGlobals) = postSolution
		SolutionGuid = {F47C2C1E-0407-433C-B076-639B045926C7}
	EndGlobalSection
EndGlobal
