
Microsoft Visual Studio Solution File, Format Version 12.00
# Visual Studio Version 16
VisualStudioVersion = 16.0.29230.47
MinimumVisualStudioVersion = 10.0.40219.1
Project("{FAE04EC0-301F-11D3-BF4B-00C04F79EFBC}") = "task8", "Лабораторная 6\task8.csproj", "{8220FE19-1359-44A8-B31B-723D6DF30918}"
EndProject
Project("{FAE04EC0-301F-11D3-BF4B-00C04F79EFBC}") = "task9", "6.9\task9.csproj", "{903A5D4A-BCC6-4A5A-89B6-BE3428D91D84}"
EndProject
Project("{FAE04EC0-301F-11D3-BF4B-00C04F79EFBC}") = "task12", "6.12\task12.csproj", "{B580E227-A0FF-4365-ADD8-618D25BBA783}"
EndProject
Project("{FAE04EC0-301F-11D3-BF4B-00C04F79EFBC}") = "task11", "6.11\task11.csproj", "{9CC77B22-6D16-4FFE-8D2B-5AFA2F2DCF2F}"
EndProject
Project("{FAE04EC0-301F-11D3-BF4B-00C04F79EFBC}") = "task10", "6.10\task10.csproj", "{418E53A9-A017-4E73-B0FB-A645E3005950}"
EndProject
Project("{FAE04EC0-301F-11D3-BF4B-00C04F79EFBC}") = "task1", "6.1\task1.csproj", "{0D658FD8-948E-4887-827E-6E759DBC2907}"
EndProject
Project("{FAE04EC0-301F-11D3-BF4B-00C04F79EFBC}") = "task2", "6.2\task2.csproj", "{595BACB6-193D-438E-A904-D2030C5EB334}"
EndProject
Project("{FAE04EC0-301F-11D3-BF4B-00C04F79EFBC}") = "task3", "6.3\task3.csproj", "{108CCAE6-8D02-4B58-8AD7-7F1865C09BC5}"
EndProject
Project("{FAE04EC0-301F-11D3-BF4B-00C04F79EFBC}") = "task4", "6.4\task4.csproj", "{F1946547-CC94-49C6-BCD3-CAF80DA89E84}"
EndProject
Project("{FAE04EC0-301F-11D3-BF4B-00C04F79EFBC}") = "task5", "6.5\task5.csproj", "{FCCD543B-4315-41CA-8D17-2854DB6EAA82}"
EndProject
Project("{FAE04EC0-301F-11D3-BF4B-00C04F79EFBC}") = "task6", "6,6\task6.csproj", "{7D3477AA-AC86-4088-A773-51E0255C58C0}"
EndProject
Project("{FAE04EC0-301F-11D3-BF4B-00C04F79EFBC}") = "1.8", "1.8\1.8.csproj", "{2602CE07-B434-42EA-9883-8704D0EE8C41}"
EndProject
Global
	GlobalSection(SolutionConfigurationPlatforms) = preSolution
		Debug|Any CPU = Debug|Any CPU
		Debug|x64 = Debug|x64
		Debug|x86 = Debug|x86
		Release|Any CPU = Release|Any CPU
		Release|x64 = Release|x64
		Release|x86 = Release|x86
	EndGlobalSection
	GlobalSection(ProjectConfigurationPlatforms) = postSolution
		{8220FE19-1359-44A8-B31B-723D6DF30918}.Debug|Any CPU.ActiveCfg = Debug|Any CPU
		{8220FE19-1359-44A8-B31B-723D6DF30918}.Debug|Any CPU.Build.0 = Debug|Any CPU
		{8220FE19-1359-44A8-B31B-723D6DF30918}.Debug|x64.ActiveCfg = Debug|Any CPU
		{8220FE19-1359-44A8-B31B-723D6DF30918}.Debug|x64.Build.0 = Debug|Any CPU
		{8220FE19-1359-44A8-B31B-723D6DF30918}.Debug|x86.ActiveCfg = Debug|Any CPU
		{8220FE19-1359-44A8-B31B-723D6DF30918}.Debug|x86.Build.0 = Debug|Any CPU
		{8220FE19-1359-44A8-B31B-723D6DF30918}.Release|Any CPU.ActiveCfg = Release|Any CPU
		{8220FE19-1359-44A8-B31B-723D6DF30918}.Release|Any CPU.Build.0 = Release|Any CPU
		{8220FE19-1359-44A8-B31B-723D6DF30918}.Release|x64.ActiveCfg = Release|Any CPU
		{8220FE19-1359-44A8-B31B-723D6DF30918}.Release|x64.Build.0 = Release|Any CPU
		{8220FE19-1359-44A8-B31B-723D6DF30918}.Release|x86.ActiveCfg = Release|Any CPU
		{8220FE19-1359-44A8-B31B-723D6DF30918}.Release|x86.Build.0 = Release|Any CPU
		{903A5D4A-BCC6-4A5A-89B6-BE3428D91D84}.Debug|Any CPU.ActiveCfg = Debug|Any CPU
		{903A5D4A-BCC6-4A5A-89B6-BE3428D91D84}.Debug|Any CPU.Build.0 = Debug|Any CPU
		{903A5D4A-BCC6-4A5A-89B6-BE3428D91D84}.Debug|x64.ActiveCfg = Debug|Any CPU
		{903A5D4A-BCC6-4A5A-89B6-BE3428D91D84}.Debug|x64.Build.0 = Debug|Any CPU
		{903A5D4A-BCC6-4A5A-89B6-BE3428D91D84}.Debug|x86.ActiveCfg = Debug|Any CPU
		{903A5D4A-BCC6-4A5A-89B6-BE3428D91D84}.Debug|x86.Build.0 = Debug|Any CPU
		{903A5D4A-BCC6-4A5A-89B6-BE3428D91D84}.Release|Any CPU.ActiveCfg = Release|Any CPU
		{903A5D4A-BCC6-4A5A-89B6-BE3428D91D84}.Release|Any CPU.Build.0 = Release|Any CPU
		{903A5D4A-BCC6-4A5A-89B6-BE3428D91D84}.Release|x64.ActiveCfg = Release|Any CPU
		{903A5D4A-BCC6-4A5A-89B6-BE3428D91D84}.Release|x64.Build.0 = Release|Any CPU
		{903A5D4A-BCC6-4A5A-89B6-BE3428D91D84}.Release|x86.ActiveCfg = Release|Any CPU
		{903A5D4A-BCC6-4A5A-89B6-BE3428D91D84}.Release|x86.Build.0 = Release|Any CPU
		{B580E227-A0FF-4365-ADD8-618D25BBA783}.Debug|Any CPU.ActiveCfg = Debug|Any CPU
		{B580E227-A0FF-4365-ADD8-618D25BBA783}.Debug|Any CPU.Build.0 = Debug|Any CPU
		{B580E227-A0FF-4365-ADD8-618D25BBA783}.Debug|x64.ActiveCfg = Debug|Any CPU
		{B580E227-A0FF-4365-ADD8-618D25BBA783}.Debug|x64.Build.0 = Debug|Any CPU
		{B580E227-A0FF-4365-ADD8-618D25BBA783}.Debug|x86.ActiveCfg = Debug|Any CPU
		{B580E227-A0FF-4365-ADD8-618D25BBA783}.Debug|x86.Build.0 = Debug|Any CPU
		{B580E227-A0FF-4365-ADD8-618D25BBA783}.Release|Any CPU.ActiveCfg = Release|Any CPU
		{B580E227-A0FF-4365-ADD8-618D25BBA783}.Release|Any CPU.Build.0 = Release|Any CPU
		{B580E227-A0FF-4365-ADD8-618D25BBA783}.Release|x64.ActiveCfg = Release|Any CPU
		{B580E227-A0FF-4365-ADD8-618D25BBA783}.Release|x64.Build.0 = Release|Any CPU
		{B580E227-A0FF-4365-ADD8-618D25BBA783}.Release|x86.ActiveCfg = Release|Any CPU
		{B580E227-A0FF-4365-ADD8-618D25BBA783}.Release|x86.Build.0 = Release|Any CPU
		{9CC77B22-6D16-4FFE-8D2B-5AFA2F2DCF2F}.Debug|Any CPU.ActiveCfg = Debug|Any CPU
		{9CC77B22-6D16-4FFE-8D2B-5AFA2F2DCF2F}.Debug|Any CPU.Build.0 = Debug|Any CPU
		{9CC77B22-6D16-4FFE-8D2B-5AFA2F2DCF2F}.Debug|x64.ActiveCfg = Debug|Any CPU
		{9CC77B22-6D16-4FFE-8D2B-5AFA2F2DCF2F}.Debug|x64.Build.0 = Debug|Any CPU
		{9CC77B22-6D16-4FFE-8D2B-5AFA2F2DCF2F}.Debug|x86.ActiveCfg = Debug|Any CPU
		{9CC77B22-6D16-4FFE-8D2B-5AFA2F2DCF2F}.Debug|x86.Build.0 = Debug|Any CPU
		{9CC77B22-6D16-4FFE-8D2B-5AFA2F2DCF2F}.Release|Any CPU.ActiveCfg = Release|Any CPU
		{9CC77B22-6D16-4FFE-8D2B-5AFA2F2DCF2F}.Release|Any CPU.Build.0 = Release|Any CPU
		{9CC77B22-6D16-4FFE-8D2B-5AFA2F2DCF2F}.Release|x64.ActiveCfg = Release|Any CPU
		{9CC77B22-6D16-4FFE-8D2B-5AFA2F2DCF2F}.Release|x64.Build.0 = Release|Any CPU
		{9CC77B22-6D16-4FFE-8D2B-5AFA2F2DCF2F}.Release|x86.ActiveCfg = Release|Any CPU
		{9CC77B22-6D16-4FFE-8D2B-5AFA2F2DCF2F}.Release|x86.Build.0 = Release|Any CPU
		{418E53A9-A017-4E73-B0FB-A645E3005950}.Debug|Any CPU.ActiveCfg = Debug|Any CPU
		{418E53A9-A017-4E73-B0FB-A645E3005950}.Debug|Any CPU.Build.0 = Debug|Any CPU
		{418E53A9-A017-4E73-B0FB-A645E3005950}.Debug|x64.ActiveCfg = Debug|Any CPU
		{418E53A9-A017-4E73-B0FB-A645E3005950}.Debug|x64.Build.0 = Debug|Any CPU
		{418E53A9-A017-4E73-B0FB-A645E3005950}.Debug|x86.ActiveCfg = Debug|Any CPU
		{418E53A9-A017-4E73-B0FB-A645E3005950}.Debug|x86.Build.0 = Debug|Any CPU
		{418E53A9-A017-4E73-B0FB-A645E3005950}.Release|Any CPU.ActiveCfg = Release|Any CPU
		{418E53A9-A017-4E73-B0FB-A645E3005950}.Release|Any CPU.Build.0 = Release|Any CPU
		{418E53A9-A017-4E73-B0FB-A645E3005950}.Release|x64.ActiveCfg = Release|Any CPU
		{418E53A9-A017-4E73-B0FB-A645E3005950}.Release|x64.Build.0 = Release|Any CPU
		{418E53A9-A017-4E73-B0FB-A645E3005950}.Release|x86.ActiveCfg = Release|Any CPU
		{418E53A9-A017-4E73-B0FB-A645E3005950}.Release|x86.Build.0 = Release|Any CPU
		{0D658FD8-948E-4887-827E-6E759DBC2907}.Debug|Any CPU.ActiveCfg = Debug|Any CPU
		{0D658FD8-948E-4887-827E-6E759DBC2907}.Debug|Any CPU.Build.0 = Debug|Any CPU
		{0D658FD8-948E-4887-827E-6E759DBC2907}.Debug|x64.ActiveCfg = Debug|Any CPU
		{0D658FD8-948E-4887-827E-6E759DBC2907}.Debug|x64.Build.0 = Debug|Any CPU
		{0D658FD8-948E-4887-827E-6E759DBC2907}.Debug|x86.ActiveCfg = Debug|Any CPU
		{0D658FD8-948E-4887-827E-6E759DBC2907}.Debug|x86.Build.0 = Debug|Any CPU
		{0D658FD8-948E-4887-827E-6E759DBC2907}.Release|Any CPU.ActiveCfg = Release|Any CPU
		{0D658FD8-948E-4887-827E-6E759DBC2907}.Release|Any CPU.Build.0 = Release|Any CPU
		{0D658FD8-948E-4887-827E-6E759DBC2907}.Release|x64.ActiveCfg = Release|Any CPU
		{0D658FD8-948E-4887-827E-6E759DBC2907}.Release|x64.Build.0 = Release|Any CPU
		{0D658FD8-948E-4887-827E-6E759DBC2907}.Release|x86.ActiveCfg = Release|Any CPU
		{0D658FD8-948E-4887-827E-6E759DBC2907}.Release|x86.Build.0 = Release|Any CPU
		{595BACB6-193D-438E-A904-D2030C5EB334}.Debug|Any CPU.ActiveCfg = Debug|Any CPU
		{595BACB6-193D-438E-A904-D2030C5EB334}.Debug|Any CPU.Build.0 = Debug|Any CPU
		{595BACB6-193D-438E-A904-D2030C5EB334}.Debug|x64.ActiveCfg = Debug|Any CPU
		{595BACB6-193D-438E-A904-D2030C5EB334}.Debug|x64.Build.0 = Debug|Any CPU
		{595BACB6-193D-438E-A904-D2030C5EB334}.Debug|x86.ActiveCfg = Debug|Any CPU
		{595BACB6-193D-438E-A904-D2030C5EB334}.Debug|x86.Build.0 = Debug|Any CPU
		{595BACB6-193D-438E-A904-D2030C5EB334}.Release|Any CPU.ActiveCfg = Release|Any CPU
		{595BACB6-193D-438E-A904-D2030C5EB334}.Release|Any CPU.Build.0 = Release|Any CPU
		{595BACB6-193D-438E-A904-D2030C5EB334}.Release|x64.ActiveCfg = Release|Any CPU
		{595BACB6-193D-438E-A904-D2030C5EB334}.Release|x64.Build.0 = Release|Any CPU
		{595BACB6-193D-438E-A904-D2030C5EB334}.Release|x86.ActiveCfg = Release|Any CPU
		{595BACB6-193D-438E-A904-D2030C5EB334}.Release|x86.Build.0 = Release|Any CPU
		{108CCAE6-8D02-4B58-8AD7-7F1865C09BC5}.Debug|Any CPU.ActiveCfg = Debug|Any CPU
		{108CCAE6-8D02-4B58-8AD7-7F1865C09BC5}.Debug|Any CPU.Build.0 = Debug|Any CPU
		{108CCAE6-8D02-4B58-8AD7-7F1865C09BC5}.Debug|x64.ActiveCfg = Debug|Any CPU
		{108CCAE6-8D02-4B58-8AD7-7F1865C09BC5}.Debug|x64.Build.0 = Debug|Any CPU
		{108CCAE6-8D02-4B58-8AD7-7F1865C09BC5}.Debug|x86.ActiveCfg = Debug|Any CPU
		{108CCAE6-8D02-4B58-8AD7-7F1865C09BC5}.Debug|x86.Build.0 = Debug|Any CPU
		{108CCAE6-8D02-4B58-8AD7-7F1865C09BC5}.Release|Any CPU.ActiveCfg = Release|Any CPU
		{108CCAE6-8D02-4B58-8AD7-7F1865C09BC5}.Release|Any CPU.Build.0 = Release|Any CPU
		{108CCAE6-8D02-4B58-8AD7-7F1865C09BC5}.Release|x64.ActiveCfg = Release|Any CPU
		{108CCAE6-8D02-4B58-8AD7-7F1865C09BC5}.Release|x64.Build.0 = Release|Any CPU
		{108CCAE6-8D02-4B58-8AD7-7F1865C09BC5}.Release|x86.ActiveCfg = Release|Any CPU
		{108CCAE6-8D02-4B58-8AD7-7F1865C09BC5}.Release|x86.Build.0 = Release|Any CPU
		{F1946547-CC94-49C6-BCD3-CAF80DA89E84}.Debug|Any CPU.ActiveCfg = Debug|Any CPU
		{F1946547-CC94-49C6-BCD3-CAF80DA89E84}.Debug|Any CPU.Build.0 = Debug|Any CPU
		{F1946547-CC94-49C6-BCD3-CAF80DA89E84}.Debug|x64.ActiveCfg = Debug|Any CPU
		{F1946547-CC94-49C6-BCD3-CAF80DA89E84}.Debug|x64.Build.0 = Debug|Any CPU
		{F1946547-CC94-49C6-BCD3-CAF80DA89E84}.Debug|x86.ActiveCfg = Debug|Any CPU
		{F1946547-CC94-49C6-BCD3-CAF80DA89E84}.Debug|x86.Build.0 = Debug|Any CPU
		{F1946547-CC94-49C6-BCD3-CAF80DA89E84}.Release|Any CPU.ActiveCfg = Release|Any CPU
		{F1946547-CC94-49C6-BCD3-CAF80DA89E84}.Release|Any CPU.Build.0 = Release|Any CPU
		{F1946547-CC94-49C6-BCD3-CAF80DA89E84}.Release|x64.ActiveCfg = Release|Any CPU
		{F1946547-CC94-49C6-BCD3-CAF80DA89E84}.Release|x64.Build.0 = Release|Any CPU
		{F1946547-CC94-49C6-BCD3-CAF80DA89E84}.Release|x86.ActiveCfg = Release|Any CPU
		{F1946547-CC94-49C6-BCD3-CAF80DA89E84}.Release|x86.Build.0 = Release|Any CPU
		{FCCD543B-4315-41CA-8D17-2854DB6EAA82}.Debug|Any CPU.ActiveCfg = Debug|Any CPU
		{FCCD543B-4315-41CA-8D17-2854DB6EAA82}.Debug|Any CPU.Build.0 = Debug|Any CPU
		{FCCD543B-4315-41CA-8D17-2854DB6EAA82}.Debug|x64.ActiveCfg = Debug|Any CPU
		{FCCD543B-4315-41CA-8D17-2854DB6EAA82}.Debug|x64.Build.0 = Debug|Any CPU
		{FCCD543B-4315-41CA-8D17-2854DB6EAA82}.Debug|x86.ActiveCfg = Debug|Any CPU
		{FCCD543B-4315-41CA-8D17-2854DB6EAA82}.Debug|x86.Build.0 = Debug|Any CPU
		{FCCD543B-4315-41CA-8D17-2854DB6EAA82}.Release|Any CPU.ActiveCfg = Release|Any CPU
		{FCCD543B-4315-41CA-8D17-2854DB6EAA82}.Release|Any CPU.Build.0 = Release|Any CPU
		{FCCD543B-4315-41CA-8D17-2854DB6EAA82}.Release|x64.ActiveCfg = Release|Any CPU
		{FCCD543B-4315-41CA-8D17-2854DB6EAA82}.Release|x64.Build.0 = Release|Any CPU
		{FCCD543B-4315-41CA-8D17-2854DB6EAA82}.Release|x86.ActiveCfg = Release|Any CPU
		{FCCD543B-4315-41CA-8D17-2854DB6EAA82}.Release|x86.Build.0 = Release|Any CPU
		{7D3477AA-AC86-4088-A773-51E0255C58C0}.Debug|Any CPU.ActiveCfg = Debug|Any CPU
		{7D3477AA-AC86-4088-A773-51E0255C58C0}.Debug|Any CPU.Build.0 = Debug|Any CPU
		{7D3477AA-AC86-4088-A773-51E0255C58C0}.Debug|x64.ActiveCfg = Debug|Any CPU
		{7D3477AA-AC86-4088-A773-51E0255C58C0}.Debug|x64.Build.0 = Debug|Any CPU
		{7D3477AA-AC86-4088-A773-51E0255C58C0}.Debug|x86.ActiveCfg = Debug|Any CPU
		{7D3477AA-AC86-4088-A773-51E0255C58C0}.Debug|x86.Build.0 = Debug|Any CPU
		{7D3477AA-AC86-4088-A773-51E0255C58C0}.Release|Any CPU.ActiveCfg = Release|Any CPU
		{7D3477AA-AC86-4088-A773-51E0255C58C0}.Release|Any CPU.Build.0 = Release|Any CPU
		{7D3477AA-AC86-4088-A773-51E0255C58C0}.Release|x64.ActiveCfg = Release|Any CPU
		{7D3477AA-AC86-4088-A773-51E0255C58C0}.Release|x64.Build.0 = Release|Any CPU
		{7D3477AA-AC86-4088-A773-51E0255C58C0}.Release|x86.ActiveCfg = Release|Any CPU
		{7D3477AA-AC86-4088-A773-51E0255C58C0}.Release|x86.Build.0 = Release|Any CPU
		{2602CE07-B434-42EA-9883-8704D0EE8C41}.Debug|Any CPU.ActiveCfg = Debug|Any CPU
		{2602CE07-B434-42EA-9883-8704D0EE8C41}.Debug|Any CPU.Build.0 = Debug|Any CPU
		{2602CE07-B434-42EA-9883-8704D0EE8C41}.Debug|x64.ActiveCfg = Debug|Any CPU
		{2602CE07-B434-42EA-9883-8704D0EE8C41}.Debug|x64.Build.0 = Debug|Any CPU
		{2602CE07-B434-42EA-9883-8704D0EE8C41}.Debug|x86.ActiveCfg = Debug|Any CPU
		{2602CE07-B434-42EA-9883-8704D0EE8C41}.Debug|x86.Build.0 = Debug|Any CPU
		{2602CE07-B434-42EA-9883-8704D0EE8C41}.Release|Any CPU.ActiveCfg = Release|Any CPU
		{2602CE07-B434-42EA-9883-8704D0EE8C41}.Release|Any CPU.Build.0 = Release|Any CPU
		{2602CE07-B434-42EA-9883-8704D0EE8C41}.Release|x64.ActiveCfg = Release|Any CPU
		{2602CE07-B434-42EA-9883-8704D0EE8C41}.Release|x64.Build.0 = Release|Any CPU
		{2602CE07-B434-42EA-9883-8704D0EE8C41}.Release|x86.ActiveCfg = Release|Any CPU
		{2602CE07-B434-42EA-9883-8704D0EE8C41}.Release|x86.Build.0 = Release|Any CPU
	EndGlobalSection
	GlobalSection(SolutionProperties) = preSolution
		HideSolutionNode = FALSE
	EndGlobalSection
	GlobalSection(ExtensibilityGlobals) = postSolution
		SolutionGuid = {9FB4B4DC-58C0-449E-AFAE-C45DF9ED70D7}
	EndGlobalSection
EndGlobal
