
Microsoft Visual Studio Solution File, Format Version 12.00
# Visual Studio Version 16
VisualStudioVersion = 16.0.30503.244
MinimumVisualStudioVersion = 10.0.40219.1
Project("{8BC9CEB8-8B4A-11D0-8D11-00A0C91BC942}") = "BinaryTree", "BinaryTree\BinaryTree.vcxproj", "{B2DBC13E-9A8F-4410-9C67-1BB9A39F068F}"
EndProject
Global
	GlobalSection(SolutionConfigurationPlatforms) = preSolution
		Debug|Any CPU = Debug|Any CPU
		Debug|x64 = Debug|x64
		Debug|x86 = Debug|x86
		Release|Any CPU = Release|Any CPU
		Release|x64 = Release|x64
		Release|x86 = Release|x86
	EndGlobalSection
	GlobalSection(ProjectConfigurationPlatforms) = postSolution
		{B2DBC13E-9A8F-4410-9C67-1BB9A39F068F}.Debug|Any CPU.ActiveCfg = Debug|Win32
		{B2DBC13E-9A8F-4410-9C67-1BB9A39F068F}.Debug|x64.ActiveCfg = Debug|x64
		{B2DBC13E-9A8F-4410-9C67-1BB9A39F068F}.Debug|x64.Build.0 = Debug|x64
		{B2DBC13E-9A8F-4410-9C67-1BB9A39F068F}.Debug|x86.ActiveCfg = Debug|Win32
		{B2DBC13E-9A8F-4410-9C67-1BB9A39F068F}.Debug|x86.Build.0 = Debug|Win32
		{B2DBC13E-9A8F-4410-9C67-1BB9A39F068F}.Release|Any CPU.ActiveCfg = Release|Win32
		{B2DBC13E-9A8F-4410-9C67-1BB9A39F068F}.Release|x64.ActiveCfg = Release|x64
		{B2DBC13E-9A8F-4410-9C67-1BB9A39F068F}.Release|x64.Build.0 = Release|x64
		{B2DBC13E-9A8F-4410-9C67-1BB9A39F068F}.Release|x86.ActiveCfg = Release|Win32
		{B2DBC13E-9A8F-4410-9C67-1BB9A39F068F}.Release|x86.Build.0 = Release|Win32
	EndGlobalSection
	GlobalSection(SolutionProperties) = preSolution
		HideSolutionNode = FALSE
	EndGlobalSection
	GlobalSection(ExtensibilityGlobals) = postSolution
		SolutionGuid = {3F5113EC-4B94-4A37-9288-47E1A6CEA3EE}
	EndGlobalSection
EndGlobal
