
Microsoft Visual Studio Solution File, Format Version 12.00
# Visual Studio Version 16
VisualStudioVersion = 16.0.30717.126
MinimumVisualStudioVersion = 10.0.40219.1
Project("{8BC9CEB8-8B4A-11D0-8D11-00A0C91BC942}") = "1.1", "1.1\1.1.vcxproj", "{3F45AF91-5A1A-4B74-B470-BE86B3ADDFFF}"
EndProject
Project("{8BC9CEB8-8B4A-11D0-8D11-00A0C91BC942}") = "2.1", "2.1\2.1.vcxproj", "{B3DE6F0C-6AB9-4C23-A553-1ED6F7314C8C}"
EndProject
Project("{8BC9CEB8-8B4A-11D0-8D11-00A0C91BC942}") = "2.2", "2.2\2.2.vcxproj", "{AD451A04-F021-4851-965B-C83A14C6F36F}"
EndProject
Global
	GlobalSection(SolutionConfigurationPlatforms) = preSolution
		Debug|x64 = Debug|x64
		Debug|x86 = Debug|x86
		Release|x64 = Release|x64
		Release|x86 = Release|x86
	EndGlobalSection
	GlobalSection(ProjectConfigurationPlatforms) = postSolution
		{3F45AF91-5A1A-4B74-B470-BE86B3ADDFFF}.Debug|x64.ActiveCfg = Debug|x64
		{3F45AF91-5A1A-4B74-B470-BE86B3ADDFFF}.Debug|x64.Build.0 = Debug|x64
		{3F45AF91-5A1A-4B74-B470-BE86B3ADDFFF}.Debug|x86.ActiveCfg = Debug|Win32
		{3F45AF91-5A1A-4B74-B470-BE86B3ADDFFF}.Debug|x86.Build.0 = Debug|Win32
		{3F45AF91-5A1A-4B74-B470-BE86B3ADDFFF}.Release|x64.ActiveCfg = Release|x64
		{3F45AF91-5A1A-4B74-B470-BE86B3ADDFFF}.Release|x64.Build.0 = Release|x64
		{3F45AF91-5A1A-4B74-B470-BE86B3ADDFFF}.Release|x86.ActiveCfg = Release|Win32
		{3F45AF91-5A1A-4B74-B470-BE86B3ADDFFF}.Release|x86.Build.0 = Release|Win32
		{B3DE6F0C-6AB9-4C23-A553-1ED6F7314C8C}.Debug|x64.ActiveCfg = Debug|x64
		{B3DE6F0C-6AB9-4C23-A553-1ED6F7314C8C}.Debug|x64.Build.0 = Debug|x64
		{B3DE6F0C-6AB9-4C23-A553-1ED6F7314C8C}.Debug|x86.ActiveCfg = Debug|Win32
		{B3DE6F0C-6AB9-4C23-A553-1ED6F7314C8C}.Debug|x86.Build.0 = Debug|Win32
		{B3DE6F0C-6AB9-4C23-A553-1ED6F7314C8C}.Release|x64.ActiveCfg = Release|x64
		{B3DE6F0C-6AB9-4C23-A553-1ED6F7314C8C}.Release|x64.Build.0 = Release|x64
		{B3DE6F0C-6AB9-4C23-A553-1ED6F7314C8C}.Release|x86.ActiveCfg = Release|Win32
		{B3DE6F0C-6AB9-4C23-A553-1ED6F7314C8C}.Release|x86.Build.0 = Release|Win32
		{AD451A04-F021-4851-965B-C83A14C6F36F}.Debug|x64.ActiveCfg = Debug|x64
		{AD451A04-F021-4851-965B-C83A14C6F36F}.Debug|x64.Build.0 = Debug|x64
		{AD451A04-F021-4851-965B-C83A14C6F36F}.Debug|x86.ActiveCfg = Debug|Win32
		{AD451A04-F021-4851-965B-C83A14C6F36F}.Debug|x86.Build.0 = Debug|Win32
		{AD451A04-F021-4851-965B-C83A14C6F36F}.Release|x64.ActiveCfg = Release|x64
		{AD451A04-F021-4851-965B-C83A14C6F36F}.Release|x64.Build.0 = Release|x64
		{AD451A04-F021-4851-965B-C83A14C6F36F}.Release|x86.ActiveCfg = Release|Win32
		{AD451A04-F021-4851-965B-C83A14C6F36F}.Release|x86.Build.0 = Release|Win32
	EndGlobalSection
	GlobalSection(SolutionProperties) = preSolution
		HideSolutionNode = FALSE
	EndGlobalSection
	GlobalSection(ExtensibilityGlobals) = postSolution
		SolutionGuid = {F1D25C8C-180C-41BB-AC6E-3F4C07AB63F2}
	EndGlobalSection
EndGlobal
