<<<<<<< HEAD
﻿
Microsoft Visual Studio Solution File, Format Version 12.00
# Visual Studio Version 17
VisualStudioVersion = 17.0.32014.148
MinimumVisualStudioVersion = 10.0.40219.1
Project("{FAE04EC0-301F-11D3-BF4B-00C04F79EFBC}") = "SERVER", "SERVER\SERVER.csproj", "{D88A971B-2277-4FED-AB74-375A73EA5620}"
EndProject
Project("{FAE04EC0-301F-11D3-BF4B-00C04F79EFBC}") = "CLIENT", "CLIENT\CLIENT.csproj", "{FD9FC72E-6725-4225-82B9-F44D60EFEFB4}"
EndProject
Global
	GlobalSection(SolutionConfigurationPlatforms) = preSolution
		Debug|Any CPU = Debug|Any CPU
		Release|Any CPU = Release|Any CPU
	EndGlobalSection
	GlobalSection(ProjectConfigurationPlatforms) = postSolution
		{D88A971B-2277-4FED-AB74-375A73EA5620}.Debug|Any CPU.ActiveCfg = Debug|Any CPU
		{D88A971B-2277-4FED-AB74-375A73EA5620}.Debug|Any CPU.Build.0 = Debug|Any CPU
		{D88A971B-2277-4FED-AB74-375A73EA5620}.Release|Any CPU.ActiveCfg = Release|Any CPU
		{D88A971B-2277-4FED-AB74-375A73EA5620}.Release|Any CPU.Build.0 = Release|Any CPU
		{FD9FC72E-6725-4225-82B9-F44D60EFEFB4}.Debug|Any CPU.ActiveCfg = Debug|Any CPU
		{FD9FC72E-6725-4225-82B9-F44D60EFEFB4}.Debug|Any CPU.Build.0 = Debug|Any CPU
		{FD9FC72E-6725-4225-82B9-F44D60EFEFB4}.Release|Any CPU.ActiveCfg = Release|Any CPU
		{FD9FC72E-6725-4225-82B9-F44D60EFEFB4}.Release|Any CPU.Build.0 = Release|Any CPU
	EndGlobalSection
	GlobalSection(SolutionProperties) = preSolution
		HideSolutionNode = FALSE
	EndGlobalSection
	GlobalSection(ExtensibilityGlobals) = postSolution
		SolutionGuid = {B0063306-94B4-4059-8902-1456FF91EA29}
	EndGlobalSection
EndGlobal
=======
﻿
Microsoft Visual Studio Solution File, Format Version 12.00
# Visual Studio Version 17
VisualStudioVersion = 17.0.32014.148
MinimumVisualStudioVersion = 10.0.40219.1
Project("{FAE04EC0-301F-11D3-BF4B-00C04F79EFBC}") = "SERVER", "SERVER\SERVER.csproj", "{D88A971B-2277-4FED-AB74-375A73EA5620}"
EndProject
Project("{FAE04EC0-301F-11D3-BF4B-00C04F79EFBC}") = "CLIENT", "CLIENT\CLIENT.csproj", "{FD9FC72E-6725-4225-82B9-F44D60EFEFB4}"
EndProject
Global
	GlobalSection(SolutionConfigurationPlatforms) = preSolution
		Debug|Any CPU = Debug|Any CPU
		Release|Any CPU = Release|Any CPU
	EndGlobalSection
	GlobalSection(ProjectConfigurationPlatforms) = postSolution
		{D88A971B-2277-4FED-AB74-375A73EA5620}.Debug|Any CPU.ActiveCfg = Debug|Any CPU
		{D88A971B-2277-4FED-AB74-375A73EA5620}.Debug|Any CPU.Build.0 = Debug|Any CPU
		{D88A971B-2277-4FED-AB74-375A73EA5620}.Release|Any CPU.ActiveCfg = Release|Any CPU
		{D88A971B-2277-4FED-AB74-375A73EA5620}.Release|Any CPU.Build.0 = Release|Any CPU
		{FD9FC72E-6725-4225-82B9-F44D60EFEFB4}.Debug|Any CPU.ActiveCfg = Debug|Any CPU
		{FD9FC72E-6725-4225-82B9-F44D60EFEFB4}.Debug|Any CPU.Build.0 = Debug|Any CPU
		{FD9FC72E-6725-4225-82B9-F44D60EFEFB4}.Release|Any CPU.ActiveCfg = Release|Any CPU
		{FD9FC72E-6725-4225-82B9-F44D60EFEFB4}.Release|Any CPU.Build.0 = Release|Any CPU
	EndGlobalSection
	GlobalSection(SolutionProperties) = preSolution
		HideSolutionNode = FALSE
	EndGlobalSection
	GlobalSection(ExtensibilityGlobals) = postSolution
		SolutionGuid = {B0063306-94B4-4059-8902-1456FF91EA29}
	EndGlobalSection
EndGlobal
>>>>>>> ad22ee082dac6ece8d23d5999a86f8d8c86438df
