
Microsoft Visual Studio Solution File, Format Version 12.00
# Visual Studio 14
VisualStudioVersion = 14.0.25420.1
MinimumVisualStudioVersion = 10.0.40219.1
Project("{FAE04EC0-301F-11D3-BF4B-00C04F79EFBC}") = "Task4.1", "Task4.1\Task4.1\Task4.1.csproj", "{FFC3732C-AA2F-4DD1-92B6-C5BBDA55301B}"
EndProject
Project("{FAE04EC0-301F-11D3-BF4B-00C04F79EFBC}") = "Task4.2", "Task4.2\Task4.2.csproj", "{A2155CB3-F764-4EB0-A494-52AEEF149064}"
EndProject
Project("{FAE04EC0-301F-11D3-BF4B-00C04F79EFBC}") = "Task4.3", "Task4.3\Task4.3.csproj", "{F778DCDF-68A9-42FB-8B8D-A580A8BFF5C2}"
EndProject
Project("{FAE04EC0-301F-11D3-BF4B-00C04F79EFBC}") = "Task4.4 - ne sdelano", "Task4.4\Task4.4 - ne sdelano.csproj", "{E89F4A38-FFF6-40D9-99C4-BD851924CF83}"
EndProject
Project("{FAE04EC0-301F-11D3-BF4B-00C04F79EFBC}") = "Task4.5", "Task4.5\Task4.5.csproj", "{37531F3D-F718-4891-A6AE-3D122941543D}"
EndProject
Project("{FAE04EC0-301F-11D3-BF4B-00C04F79EFBC}") = "Task4.8", "Task4.8\Task4.8.csproj", "{F1040268-52FA-4B48-B6ED-7C1462AE0BDB}"
EndProject
Project("{FAE04EC0-301F-11D3-BF4B-00C04F79EFBC}") = "Task4.6", "Task4.6\Task4.6.csproj", "{30666523-A489-4E44-A430-1EE93A550C0D}"
EndProject
Project("{FAE04EC0-301F-11D3-BF4B-00C04F79EFBC}") = "Task4.7", "Task4.7\Task4.7.csproj", "{81F691F3-E616-43E5-8084-F3C14F3FC18A}"
EndProject
Global
	GlobalSection(SolutionConfigurationPlatforms) = preSolution
		Debug|Any CPU = Debug|Any CPU
		Release|Any CPU = Release|Any CPU
	EndGlobalSection
	GlobalSection(ProjectConfigurationPlatforms) = postSolution
		{FFC3732C-AA2F-4DD1-92B6-C5BBDA55301B}.Debug|Any CPU.ActiveCfg = Debug|Any CPU
		{FFC3732C-AA2F-4DD1-92B6-C5BBDA55301B}.Debug|Any CPU.Build.0 = Debug|Any CPU
		{FFC3732C-AA2F-4DD1-92B6-C5BBDA55301B}.Release|Any CPU.ActiveCfg = Release|Any CPU
		{FFC3732C-AA2F-4DD1-92B6-C5BBDA55301B}.Release|Any CPU.Build.0 = Release|Any CPU
		{A2155CB3-F764-4EB0-A494-52AEEF149064}.Debug|Any CPU.ActiveCfg = Debug|Any CPU
		{A2155CB3-F764-4EB0-A494-52AEEF149064}.Debug|Any CPU.Build.0 = Debug|Any CPU
		{A2155CB3-F764-4EB0-A494-52AEEF149064}.Release|Any CPU.ActiveCfg = Release|Any CPU
		{A2155CB3-F764-4EB0-A494-52AEEF149064}.Release|Any CPU.Build.0 = Release|Any CPU
		{F778DCDF-68A9-42FB-8B8D-A580A8BFF5C2}.Debug|Any CPU.ActiveCfg = Debug|Any CPU
		{F778DCDF-68A9-42FB-8B8D-A580A8BFF5C2}.Debug|Any CPU.Build.0 = Debug|Any CPU
		{F778DCDF-68A9-42FB-8B8D-A580A8BFF5C2}.Release|Any CPU.ActiveCfg = Release|Any CPU
		{F778DCDF-68A9-42FB-8B8D-A580A8BFF5C2}.Release|Any CPU.Build.0 = Release|Any CPU
		{E89F4A38-FFF6-40D9-99C4-BD851924CF83}.Debug|Any CPU.ActiveCfg = Debug|Any CPU
		{E89F4A38-FFF6-40D9-99C4-BD851924CF83}.Debug|Any CPU.Build.0 = Debug|Any CPU
		{E89F4A38-FFF6-40D9-99C4-BD851924CF83}.Release|Any CPU.ActiveCfg = Release|Any CPU
		{E89F4A38-FFF6-40D9-99C4-BD851924CF83}.Release|Any CPU.Build.0 = Release|Any CPU
		{37531F3D-F718-4891-A6AE-3D122941543D}.Debug|Any CPU.ActiveCfg = Debug|Any CPU
		{37531F3D-F718-4891-A6AE-3D122941543D}.Debug|Any CPU.Build.0 = Debug|Any CPU
		{37531F3D-F718-4891-A6AE-3D122941543D}.Release|Any CPU.ActiveCfg = Release|Any CPU
		{37531F3D-F718-4891-A6AE-3D122941543D}.Release|Any CPU.Build.0 = Release|Any CPU
		{F1040268-52FA-4B48-B6ED-7C1462AE0BDB}.Debug|Any CPU.ActiveCfg = Debug|Any CPU
		{F1040268-52FA-4B48-B6ED-7C1462AE0BDB}.Debug|Any CPU.Build.0 = Debug|Any CPU
		{F1040268-52FA-4B48-B6ED-7C1462AE0BDB}.Release|Any CPU.ActiveCfg = Release|Any CPU
		{F1040268-52FA-4B48-B6ED-7C1462AE0BDB}.Release|Any CPU.Build.0 = Release|Any CPU
		{30666523-A489-4E44-A430-1EE93A550C0D}.Debug|Any CPU.ActiveCfg = Debug|Any CPU
		{30666523-A489-4E44-A430-1EE93A550C0D}.Debug|Any CPU.Build.0 = Debug|Any CPU
		{30666523-A489-4E44-A430-1EE93A550C0D}.Release|Any CPU.ActiveCfg = Release|Any CPU
		{30666523-A489-4E44-A430-1EE93A550C0D}.Release|Any CPU.Build.0 = Release|Any CPU
		{81F691F3-E616-43E5-8084-F3C14F3FC18A}.Debug|Any CPU.ActiveCfg = Debug|Any CPU
		{81F691F3-E616-43E5-8084-F3C14F3FC18A}.Debug|Any CPU.Build.0 = Debug|Any CPU
		{81F691F3-E616-43E5-8084-F3C14F3FC18A}.Release|Any CPU.ActiveCfg = Release|Any CPU
		{81F691F3-E616-43E5-8084-F3C14F3FC18A}.Release|Any CPU.Build.0 = Release|Any CPU
	EndGlobalSection
	GlobalSection(SolutionProperties) = preSolution
		HideSolutionNode = FALSE
	EndGlobalSection
EndGlobal
