
Microsoft Visual Studio Solution File, Format Version 12.00
# Visual Studio 15
VisualStudioVersion = 15.0.28307.329
MinimumVisualStudioVersion = 10.0.40219.1
Project("{8BC9CEB8-8B4A-11D0-8D11-00A0C91BC942}") = "zadanie_553", "zadanie_553\zadanie_553.vcxproj", "{2170F9A9-866B-4318-8325-3C68AD8C2405}"
EndProject
Global
	GlobalSection(SolutionConfigurationPlatforms) = preSolution
		Debug|x64 = Debug|x64
		Debug|x86 = Debug|x86
		Release|x64 = Release|x64
		Release|x86 = Release|x86
	EndGlobalSection
	GlobalSection(ProjectConfigurationPlatforms) = postSolution
		{2170F9A9-866B-4318-8325-3C68AD8C2405}.Debug|x64.ActiveCfg = Debug|x64
		{2170F9A9-866B-4318-8325-3C68AD8C2405}.Debug|x64.Build.0 = Debug|x64
		{2170F9A9-866B-4318-8325-3C68AD8C2405}.Debug|x86.ActiveCfg = Debug|Win32
		{2170F9A9-866B-4318-8325-3C68AD8C2405}.Debug|x86.Build.0 = Debug|Win32
		{2170F9A9-866B-4318-8325-3C68AD8C2405}.Release|x64.ActiveCfg = Release|x64
		{2170F9A9-866B-4318-8325-3C68AD8C2405}.Release|x64.Build.0 = Release|x64
		{2170F9A9-866B-4318-8325-3C68AD8C2405}.Release|x86.ActiveCfg = Release|Win32
		{2170F9A9-866B-4318-8325-3C68AD8C2405}.Release|x86.Build.0 = Release|Win32
	EndGlobalSection
	GlobalSection(SolutionProperties) = preSolution
		HideSolutionNode = FALSE
	EndGlobalSection
	GlobalSection(ExtensibilityGlobals) = postSolution
		SolutionGuid = {AC6396BA-FE76-415A-99FF-0A9AAA796F9D}
	EndGlobalSection
EndGlobal
