
Microsoft Visual Studio Solution File, Format Version 12.00
# Visual Studio 15
VisualStudioVersion = 15.0.28307.438
MinimumVisualStudioVersion = 10.0.40219.1
Project("{FAE04EC0-301F-11D3-BF4B-00C04F79EFBC}") = "lab4", "lab4\lab4.csproj", "{8A146AD1-2D23-4A2B-9709-62D0F9B946E7}"
EndProject
Project("{FAE04EC0-301F-11D3-BF4B-00C04F79EFBC}") = "ex1", "ex1\ex1.csproj", "{EC5D7520-FF15-4530-8DA5-81785AFAE4DB}"
EndProject
Project("{8BC9CEB8-8B4A-11D0-8D11-00A0C91BC942}") = "ex2", "ex2\ex2.vcxproj", "{89B5B556-0737-4928-9405-483A9BC7FD16}"
EndProject
Project("{FAE04EC0-301F-11D3-BF4B-00C04F79EFBC}") = "ex2.0", "ex2.0\ex2.0.csproj", "{E348AE72-0FD0-4593-825A-85AB472DA532}"
EndProject
Project("{FAE04EC0-301F-11D3-BF4B-00C04F79EFBC}") = "ex3", "ex3\ex3.csproj", "{5665AA67-663C-4FA3-A8ED-2C73D7A9DA6C}"
EndProject
Project("{FAE04EC0-301F-11D3-BF4B-00C04F79EFBC}") = "task1", "task1\task1.csproj", "{BC86FA39-455E-4B7C-AD37-E7F01802EBBE}"
EndProject
Project("{FAE04EC0-301F-11D3-BF4B-00C04F79EFBC}") = "task2", "task2\task2.csproj", "{4642B2D1-31C5-4BB5-BC23-2B23945C10AC}"
EndProject
Project("{FAE04EC0-301F-11D3-BF4B-00C04F79EFBC}") = "task3", "task3\task3.csproj", "{C13319F5-ECCC-4A06-A6EC-9805D94FCE38}"
EndProject
Project("{FAE04EC0-301F-11D3-BF4B-00C04F79EFBC}") = "task 5", "task 5\task 5.csproj", "{969A5519-170E-40B2-AE97-C16798DBA22F}"
EndProject
Project("{FAE04EC0-301F-11D3-BF4B-00C04F79EFBC}") = "task8", "task8\task8.csproj", "{5912E933-53F9-4F7E-8002-70028727C98A}"
EndProject
Project("{FAE04EC0-301F-11D3-BF4B-00C04F79EFBC}") = "task6", "task6\task6.csproj", "{919EFCD3-816B-4D80-9C5C-B387B47AC74F}"
EndProject
Project("{FAE04EC0-301F-11D3-BF4B-00C04F79EFBC}") = "task7", "task7\task7.csproj", "{DC9B8665-9D8F-4C50-8FE3-412EC52D34DB}"
EndProject
Global
	GlobalSection(SolutionConfigurationPlatforms) = preSolution
		Debug|Any CPU = Debug|Any CPU
		Debug|x64 = Debug|x64
		Debug|x86 = Debug|x86
		Release|Any CPU = Release|Any CPU
		Release|x64 = Release|x64
		Release|x86 = Release|x86
	EndGlobalSection
	GlobalSection(ProjectConfigurationPlatforms) = postSolution
		{8A146AD1-2D23-4A2B-9709-62D0F9B946E7}.Debug|Any CPU.ActiveCfg = Debug|Any CPU
		{8A146AD1-2D23-4A2B-9709-62D0F9B946E7}.Debug|Any CPU.Build.0 = Debug|Any CPU
		{8A146AD1-2D23-4A2B-9709-62D0F9B946E7}.Debug|x64.ActiveCfg = Debug|Any CPU
		{8A146AD1-2D23-4A2B-9709-62D0F9B946E7}.Debug|x64.Build.0 = Debug|Any CPU
		{8A146AD1-2D23-4A2B-9709-62D0F9B946E7}.Debug|x86.ActiveCfg = Debug|Any CPU
		{8A146AD1-2D23-4A2B-9709-62D0F9B946E7}.Debug|x86.Build.0 = Debug|Any CPU
		{8A146AD1-2D23-4A2B-9709-62D0F9B946E7}.Release|Any CPU.ActiveCfg = Release|Any CPU
		{8A146AD1-2D23-4A2B-9709-62D0F9B946E7}.Release|Any CPU.Build.0 = Release|Any CPU
		{8A146AD1-2D23-4A2B-9709-62D0F9B946E7}.Release|x64.ActiveCfg = Release|Any CPU
		{8A146AD1-2D23-4A2B-9709-62D0F9B946E7}.Release|x64.Build.0 = Release|Any CPU
		{8A146AD1-2D23-4A2B-9709-62D0F9B946E7}.Release|x86.ActiveCfg = Release|Any CPU
		{8A146AD1-2D23-4A2B-9709-62D0F9B946E7}.Release|x86.Build.0 = Release|Any CPU
		{EC5D7520-FF15-4530-8DA5-81785AFAE4DB}.Debug|Any CPU.ActiveCfg = Debug|Any CPU
		{EC5D7520-FF15-4530-8DA5-81785AFAE4DB}.Debug|Any CPU.Build.0 = Debug|Any CPU
		{EC5D7520-FF15-4530-8DA5-81785AFAE4DB}.Debug|x64.ActiveCfg = Debug|Any CPU
		{EC5D7520-FF15-4530-8DA5-81785AFAE4DB}.Debug|x64.Build.0 = Debug|Any CPU
		{EC5D7520-FF15-4530-8DA5-81785AFAE4DB}.Debug|x86.ActiveCfg = Debug|Any CPU
		{EC5D7520-FF15-4530-8DA5-81785AFAE4DB}.Debug|x86.Build.0 = Debug|Any CPU
		{EC5D7520-FF15-4530-8DA5-81785AFAE4DB}.Release|Any CPU.ActiveCfg = Release|Any CPU
		{EC5D7520-FF15-4530-8DA5-81785AFAE4DB}.Release|Any CPU.Build.0 = Release|Any CPU
		{EC5D7520-FF15-4530-8DA5-81785AFAE4DB}.Release|x64.ActiveCfg = Release|Any CPU
		{EC5D7520-FF15-4530-8DA5-81785AFAE4DB}.Release|x64.Build.0 = Release|Any CPU
		{EC5D7520-FF15-4530-8DA5-81785AFAE4DB}.Release|x86.ActiveCfg = Release|Any CPU
		{EC5D7520-FF15-4530-8DA5-81785AFAE4DB}.Release|x86.Build.0 = Release|Any CPU
		{89B5B556-0737-4928-9405-483A9BC7FD16}.Debug|Any CPU.ActiveCfg = Debug|Win32
		{89B5B556-0737-4928-9405-483A9BC7FD16}.Debug|x64.ActiveCfg = Debug|x64
		{89B5B556-0737-4928-9405-483A9BC7FD16}.Debug|x64.Build.0 = Debug|x64
		{89B5B556-0737-4928-9405-483A9BC7FD16}.Debug|x86.ActiveCfg = Debug|Win32
		{89B5B556-0737-4928-9405-483A9BC7FD16}.Debug|x86.Build.0 = Debug|Win32
		{89B5B556-0737-4928-9405-483A9BC7FD16}.Release|Any CPU.ActiveCfg = Release|Win32
		{89B5B556-0737-4928-9405-483A9BC7FD16}.Release|x64.ActiveCfg = Release|x64
		{89B5B556-0737-4928-9405-483A9BC7FD16}.Release|x64.Build.0 = Release|x64
		{89B5B556-0737-4928-9405-483A9BC7FD16}.Release|x86.ActiveCfg = Release|Win32
		{89B5B556-0737-4928-9405-483A9BC7FD16}.Release|x86.Build.0 = Release|Win32
		{E348AE72-0FD0-4593-825A-85AB472DA532}.Debug|Any CPU.ActiveCfg = Debug|Any CPU
		{E348AE72-0FD0-4593-825A-85AB472DA532}.Debug|Any CPU.Build.0 = Debug|Any CPU
		{E348AE72-0FD0-4593-825A-85AB472DA532}.Debug|x64.ActiveCfg = Debug|Any CPU
		{E348AE72-0FD0-4593-825A-85AB472DA532}.Debug|x64.Build.0 = Debug|Any CPU
		{E348AE72-0FD0-4593-825A-85AB472DA532}.Debug|x86.ActiveCfg = Debug|Any CPU
		{E348AE72-0FD0-4593-825A-85AB472DA532}.Debug|x86.Build.0 = Debug|Any CPU
		{E348AE72-0FD0-4593-825A-85AB472DA532}.Release|Any CPU.ActiveCfg = Release|Any CPU
		{E348AE72-0FD0-4593-825A-85AB472DA532}.Release|Any CPU.Build.0 = Release|Any CPU
		{E348AE72-0FD0-4593-825A-85AB472DA532}.Release|x64.ActiveCfg = Release|Any CPU
		{E348AE72-0FD0-4593-825A-85AB472DA532}.Release|x64.Build.0 = Release|Any CPU
		{E348AE72-0FD0-4593-825A-85AB472DA532}.Release|x86.ActiveCfg = Release|Any CPU
		{E348AE72-0FD0-4593-825A-85AB472DA532}.Release|x86.Build.0 = Release|Any CPU
		{5665AA67-663C-4FA3-A8ED-2C73D7A9DA6C}.Debug|Any CPU.ActiveCfg = Debug|Any CPU
		{5665AA67-663C-4FA3-A8ED-2C73D7A9DA6C}.Debug|Any CPU.Build.0 = Debug|Any CPU
		{5665AA67-663C-4FA3-A8ED-2C73D7A9DA6C}.Debug|x64.ActiveCfg = Debug|Any CPU
		{5665AA67-663C-4FA3-A8ED-2C73D7A9DA6C}.Debug|x64.Build.0 = Debug|Any CPU
		{5665AA67-663C-4FA3-A8ED-2C73D7A9DA6C}.Debug|x86.ActiveCfg = Debug|Any CPU
		{5665AA67-663C-4FA3-A8ED-2C73D7A9DA6C}.Debug|x86.Build.0 = Debug|Any CPU
		{5665AA67-663C-4FA3-A8ED-2C73D7A9DA6C}.Release|Any CPU.ActiveCfg = Release|Any CPU
		{5665AA67-663C-4FA3-A8ED-2C73D7A9DA6C}.Release|Any CPU.Build.0 = Release|Any CPU
		{5665AA67-663C-4FA3-A8ED-2C73D7A9DA6C}.Release|x64.ActiveCfg = Release|Any CPU
		{5665AA67-663C-4FA3-A8ED-2C73D7A9DA6C}.Release|x64.Build.0 = Release|Any CPU
		{5665AA67-663C-4FA3-A8ED-2C73D7A9DA6C}.Release|x86.ActiveCfg = Release|Any CPU
		{5665AA67-663C-4FA3-A8ED-2C73D7A9DA6C}.Release|x86.Build.0 = Release|Any CPU
		{BC86FA39-455E-4B7C-AD37-E7F01802EBBE}.Debug|Any CPU.ActiveCfg = Debug|Any CPU
		{BC86FA39-455E-4B7C-AD37-E7F01802EBBE}.Debug|Any CPU.Build.0 = Debug|Any CPU
		{BC86FA39-455E-4B7C-AD37-E7F01802EBBE}.Debug|x64.ActiveCfg = Debug|Any CPU
		{BC86FA39-455E-4B7C-AD37-E7F01802EBBE}.Debug|x64.Build.0 = Debug|Any CPU
		{BC86FA39-455E-4B7C-AD37-E7F01802EBBE}.Debug|x86.ActiveCfg = Debug|Any CPU
		{BC86FA39-455E-4B7C-AD37-E7F01802EBBE}.Debug|x86.Build.0 = Debug|Any CPU
		{BC86FA39-455E-4B7C-AD37-E7F01802EBBE}.Release|Any CPU.ActiveCfg = Release|Any CPU
		{BC86FA39-455E-4B7C-AD37-E7F01802EBBE}.Release|Any CPU.Build.0 = Release|Any CPU
		{BC86FA39-455E-4B7C-AD37-E7F01802EBBE}.Release|x64.ActiveCfg = Release|Any CPU
		{BC86FA39-455E-4B7C-AD37-E7F01802EBBE}.Release|x64.Build.0 = Release|Any CPU
		{BC86FA39-455E-4B7C-AD37-E7F01802EBBE}.Release|x86.ActiveCfg = Release|Any CPU
		{BC86FA39-455E-4B7C-AD37-E7F01802EBBE}.Release|x86.Build.0 = Release|Any CPU
		{4642B2D1-31C5-4BB5-BC23-2B23945C10AC}.Debug|Any CPU.ActiveCfg = Debug|Any CPU
		{4642B2D1-31C5-4BB5-BC23-2B23945C10AC}.Debug|Any CPU.Build.0 = Debug|Any CPU
		{4642B2D1-31C5-4BB5-BC23-2B23945C10AC}.Debug|x64.ActiveCfg = Debug|Any CPU
		{4642B2D1-31C5-4BB5-BC23-2B23945C10AC}.Debug|x64.Build.0 = Debug|Any CPU
		{4642B2D1-31C5-4BB5-BC23-2B23945C10AC}.Debug|x86.ActiveCfg = Debug|Any CPU
		{4642B2D1-31C5-4BB5-BC23-2B23945C10AC}.Debug|x86.Build.0 = Debug|Any CPU
		{4642B2D1-31C5-4BB5-BC23-2B23945C10AC}.Release|Any CPU.ActiveCfg = Release|Any CPU
		{4642B2D1-31C5-4BB5-BC23-2B23945C10AC}.Release|Any CPU.Build.0 = Release|Any CPU
		{4642B2D1-31C5-4BB5-BC23-2B23945C10AC}.Release|x64.ActiveCfg = Release|Any CPU
		{4642B2D1-31C5-4BB5-BC23-2B23945C10AC}.Release|x64.Build.0 = Release|Any CPU
		{4642B2D1-31C5-4BB5-BC23-2B23945C10AC}.Release|x86.ActiveCfg = Release|Any CPU
		{4642B2D1-31C5-4BB5-BC23-2B23945C10AC}.Release|x86.Build.0 = Release|Any CPU
		{C13319F5-ECCC-4A06-A6EC-9805D94FCE38}.Debug|Any CPU.ActiveCfg = Debug|Any CPU
		{C13319F5-ECCC-4A06-A6EC-9805D94FCE38}.Debug|Any CPU.Build.0 = Debug|Any CPU
		{C13319F5-ECCC-4A06-A6EC-9805D94FCE38}.Debug|x64.ActiveCfg = Debug|Any CPU
		{C13319F5-ECCC-4A06-A6EC-9805D94FCE38}.Debug|x64.Build.0 = Debug|Any CPU
		{C13319F5-ECCC-4A06-A6EC-9805D94FCE38}.Debug|x86.ActiveCfg = Debug|Any CPU
		{C13319F5-ECCC-4A06-A6EC-9805D94FCE38}.Debug|x86.Build.0 = Debug|Any CPU
		{C13319F5-ECCC-4A06-A6EC-9805D94FCE38}.Release|Any CPU.ActiveCfg = Release|Any CPU
		{C13319F5-ECCC-4A06-A6EC-9805D94FCE38}.Release|Any CPU.Build.0 = Release|Any CPU
		{C13319F5-ECCC-4A06-A6EC-9805D94FCE38}.Release|x64.ActiveCfg = Release|Any CPU
		{C13319F5-ECCC-4A06-A6EC-9805D94FCE38}.Release|x64.Build.0 = Release|Any CPU
		{C13319F5-ECCC-4A06-A6EC-9805D94FCE38}.Release|x86.ActiveCfg = Release|Any CPU
		{C13319F5-ECCC-4A06-A6EC-9805D94FCE38}.Release|x86.Build.0 = Release|Any CPU
		{969A5519-170E-40B2-AE97-C16798DBA22F}.Debug|Any CPU.ActiveCfg = Debug|Any CPU
		{969A5519-170E-40B2-AE97-C16798DBA22F}.Debug|Any CPU.Build.0 = Debug|Any CPU
		{969A5519-170E-40B2-AE97-C16798DBA22F}.Debug|x64.ActiveCfg = Debug|Any CPU
		{969A5519-170E-40B2-AE97-C16798DBA22F}.Debug|x64.Build.0 = Debug|Any CPU
		{969A5519-170E-40B2-AE97-C16798DBA22F}.Debug|x86.ActiveCfg = Debug|Any CPU
		{969A5519-170E-40B2-AE97-C16798DBA22F}.Debug|x86.Build.0 = Debug|Any CPU
		{969A5519-170E-40B2-AE97-C16798DBA22F}.Release|Any CPU.ActiveCfg = Release|Any CPU
		{969A5519-170E-40B2-AE97-C16798DBA22F}.Release|Any CPU.Build.0 = Release|Any CPU
		{969A5519-170E-40B2-AE97-C16798DBA22F}.Release|x64.ActiveCfg = Release|Any CPU
		{969A5519-170E-40B2-AE97-C16798DBA22F}.Release|x64.Build.0 = Release|Any CPU
		{969A5519-170E-40B2-AE97-C16798DBA22F}.Release|x86.ActiveCfg = Release|Any CPU
		{969A5519-170E-40B2-AE97-C16798DBA22F}.Release|x86.Build.0 = Release|Any CPU
		{5912E933-53F9-4F7E-8002-70028727C98A}.Debug|Any CPU.ActiveCfg = Debug|Any CPU
		{5912E933-53F9-4F7E-8002-70028727C98A}.Debug|Any CPU.Build.0 = Debug|Any CPU
		{5912E933-53F9-4F7E-8002-70028727C98A}.Debug|x64.ActiveCfg = Debug|Any CPU
		{5912E933-53F9-4F7E-8002-70028727C98A}.Debug|x64.Build.0 = Debug|Any CPU
		{5912E933-53F9-4F7E-8002-70028727C98A}.Debug|x86.ActiveCfg = Debug|Any CPU
		{5912E933-53F9-4F7E-8002-70028727C98A}.Debug|x86.Build.0 = Debug|Any CPU
		{5912E933-53F9-4F7E-8002-70028727C98A}.Release|Any CPU.ActiveCfg = Release|Any CPU
		{5912E933-53F9-4F7E-8002-70028727C98A}.Release|Any CPU.Build.0 = Release|Any CPU
		{5912E933-53F9-4F7E-8002-70028727C98A}.Release|x64.ActiveCfg = Release|Any CPU
		{5912E933-53F9-4F7E-8002-70028727C98A}.Release|x64.Build.0 = Release|Any CPU
		{5912E933-53F9-4F7E-8002-70028727C98A}.Release|x86.ActiveCfg = Release|Any CPU
		{5912E933-53F9-4F7E-8002-70028727C98A}.Release|x86.Build.0 = Release|Any CPU
		{919EFCD3-816B-4D80-9C5C-B387B47AC74F}.Debug|Any CPU.ActiveCfg = Debug|Any CPU
		{919EFCD3-816B-4D80-9C5C-B387B47AC74F}.Debug|Any CPU.Build.0 = Debug|Any CPU
		{919EFCD3-816B-4D80-9C5C-B387B47AC74F}.Debug|x64.ActiveCfg = Debug|Any CPU
		{919EFCD3-816B-4D80-9C5C-B387B47AC74F}.Debug|x64.Build.0 = Debug|Any CPU
		{919EFCD3-816B-4D80-9C5C-B387B47AC74F}.Debug|x86.ActiveCfg = Debug|Any CPU
		{919EFCD3-816B-4D80-9C5C-B387B47AC74F}.Debug|x86.Build.0 = Debug|Any CPU
		{919EFCD3-816B-4D80-9C5C-B387B47AC74F}.Release|Any CPU.ActiveCfg = Release|Any CPU
		{919EFCD3-816B-4D80-9C5C-B387B47AC74F}.Release|Any CPU.Build.0 = Release|Any CPU
		{919EFCD3-816B-4D80-9C5C-B387B47AC74F}.Release|x64.ActiveCfg = Release|Any CPU
		{919EFCD3-816B-4D80-9C5C-B387B47AC74F}.Release|x64.Build.0 = Release|Any CPU
		{919EFCD3-816B-4D80-9C5C-B387B47AC74F}.Release|x86.ActiveCfg = Release|Any CPU
		{919EFCD3-816B-4D80-9C5C-B387B47AC74F}.Release|x86.Build.0 = Release|Any CPU
		{DC9B8665-9D8F-4C50-8FE3-412EC52D34DB}.Debug|Any CPU.ActiveCfg = Debug|Any CPU
		{DC9B8665-9D8F-4C50-8FE3-412EC52D34DB}.Debug|Any CPU.Build.0 = Debug|Any CPU
		{DC9B8665-9D8F-4C50-8FE3-412EC52D34DB}.Debug|x64.ActiveCfg = Debug|Any CPU
		{DC9B8665-9D8F-4C50-8FE3-412EC52D34DB}.Debug|x64.Build.0 = Debug|Any CPU
		{DC9B8665-9D8F-4C50-8FE3-412EC52D34DB}.Debug|x86.ActiveCfg = Debug|Any CPU
		{DC9B8665-9D8F-4C50-8FE3-412EC52D34DB}.Debug|x86.Build.0 = Debug|Any CPU
		{DC9B8665-9D8F-4C50-8FE3-412EC52D34DB}.Release|Any CPU.ActiveCfg = Release|Any CPU
		{DC9B8665-9D8F-4C50-8FE3-412EC52D34DB}.Release|Any CPU.Build.0 = Release|Any CPU
		{DC9B8665-9D8F-4C50-8FE3-412EC52D34DB}.Release|x64.ActiveCfg = Release|Any CPU
		{DC9B8665-9D8F-4C50-8FE3-412EC52D34DB}.Release|x64.Build.0 = Release|Any CPU
		{DC9B8665-9D8F-4C50-8FE3-412EC52D34DB}.Release|x86.ActiveCfg = Release|Any CPU
		{DC9B8665-9D8F-4C50-8FE3-412EC52D34DB}.Release|x86.Build.0 = Release|Any CPU
	EndGlobalSection
	GlobalSection(SolutionProperties) = preSolution
		HideSolutionNode = FALSE
	EndGlobalSection
	GlobalSection(ExtensibilityGlobals) = postSolution
		SolutionGuid = {CB724BC8-D6DB-43DB-BB1B-DA4FF8BC3488}
	EndGlobalSection
EndGlobal
