
Microsoft Visual Studio Solution File, Format Version 12.00
# Visual Studio Version 16
VisualStudioVersion = 16.0.29519.87
MinimumVisualStudioVersion = 10.0.40219.1
Project("{FAE04EC0-301F-11D3-BF4B-00C04F79EFBC}") = "1718", "1718\1718.csproj", "{24A3F287-D670-4A0E-B8F6-5C57F0C11AA7}"
EndProject
Global
	GlobalSection(SolutionConfigurationPlatforms) = preSolution
		Debug|Any CPU = Debug|Any CPU
		Release|Any CPU = Release|Any CPU
	EndGlobalSection
	GlobalSection(ProjectConfigurationPlatforms) = postSolution
		{24A3F287-D670-4A0E-B8F6-5C57F0C11AA7}.Debug|Any CPU.ActiveCfg = Debug|Any CPU
		{24A3F287-D670-4A0E-B8F6-5C57F0C11AA7}.Debug|Any CPU.Build.0 = Debug|Any CPU
		{24A3F287-D670-4A0E-B8F6-5C57F0C11AA7}.Release|Any CPU.ActiveCfg = Release|Any CPU
		{24A3F287-D670-4A0E-B8F6-5C57F0C11AA7}.Release|Any CPU.Build.0 = Release|Any CPU
	EndGlobalSection
	GlobalSection(SolutionProperties) = preSolution
		HideSolutionNode = FALSE
	EndGlobalSection
	GlobalSection(ExtensibilityGlobals) = postSolution
		SolutionGuid = {1176DB51-DC13-423A-BE78-8375CFB6916E}
	EndGlobalSection
EndGlobal
