
Microsoft Visual Studio Solution File, Format Version 12.00
# Visual Studio Version 17
VisualStudioVersion = 17.3.32929.385
MinimumVisualStudioVersion = 10.0.40219.1
Project("{FAE04EC0-301F-11D3-BF4B-00C04F79EFBC}") = "Expert_System", "Expert_System\Expert_System.csproj", "{2C207C72-2DDC-4E76-901F-FB0C78413850}"
EndProject
Global
	GlobalSection(SolutionConfigurationPlatforms) = preSolution
		Debug|Any CPU = Debug|Any CPU
		Release|Any CPU = Release|Any CPU
	EndGlobalSection
	GlobalSection(ProjectConfigurationPlatforms) = postSolution
		{2C207C72-2DDC-4E76-901F-FB0C78413850}.Debug|Any CPU.ActiveCfg = Debug|Any CPU
		{2C207C72-2DDC-4E76-901F-FB0C78413850}.Debug|Any CPU.Build.0 = Debug|Any CPU
		{2C207C72-2DDC-4E76-901F-FB0C78413850}.Release|Any CPU.ActiveCfg = Release|Any CPU
		{2C207C72-2DDC-4E76-901F-FB0C78413850}.Release|Any CPU.Build.0 = Release|Any CPU
	EndGlobalSection
	GlobalSection(SolutionProperties) = preSolution
		HideSolutionNode = FALSE
	EndGlobalSection
	GlobalSection(ExtensibilityGlobals) = postSolution
		SolutionGuid = {57765184-E0E0-4CFC-A9E1-0CF95F1F47D5}
	EndGlobalSection
EndGlobal
