
Microsoft Visual Studio Solution File, Format Version 12.00
# Visual Studio Version 17
VisualStudioVersion = 17.0.32112.339
MinimumVisualStudioVersion = 10.0.40219.1
Project("{FAE04EC0-301F-11D3-BF4B-00C04F79EFBC}") = "zadanie_1", "zadanie_1\zadanie_1.csproj", "{EF60F549-1C3E-44AF-BDF9-C450B9701D04}"
EndProject
Project("{FAE04EC0-301F-11D3-BF4B-00C04F79EFBC}") = "ClassLibrary", "ClassLibrary\ClassLibrary.csproj", "{7EB0AC7E-AFC7-432D-9AB0-0B3F7F2CA4D9}"
EndProject
Project("{9A19103F-16F7-4668-BE54-9A1E7A4F7556}") = "Test", "Test\Test.csproj", "{7328B382-9101-4FE4-A672-F487EABAF7DA}"
EndProject
Project("{FAE04EC0-301F-11D3-BF4B-00C04F79EFBC}") = "TestProject1", "TestProject1\TestProject1.csproj", "{9833A737-3E19-4F79-9F7F-B57FACA69391}"
EndProject
Project("{FAE04EC0-301F-11D3-BF4B-00C04F79EFBC}") = "TestProject2", "TestProject2\TestProject2.csproj", "{A59BE579-0888-41C9-82DE-51798EB110EE}"
EndProject
Global
	GlobalSection(SolutionConfigurationPlatforms) = preSolution
		Debug|Any CPU = Debug|Any CPU
		Release|Any CPU = Release|Any CPU
	EndGlobalSection
	GlobalSection(ProjectConfigurationPlatforms) = postSolution
		{EF60F549-1C3E-44AF-BDF9-C450B9701D04}.Debug|Any CPU.ActiveCfg = Debug|Any CPU
		{EF60F549-1C3E-44AF-BDF9-C450B9701D04}.Debug|Any CPU.Build.0 = Debug|Any CPU
		{EF60F549-1C3E-44AF-BDF9-C450B9701D04}.Release|Any CPU.ActiveCfg = Release|Any CPU
		{EF60F549-1C3E-44AF-BDF9-C450B9701D04}.Release|Any CPU.Build.0 = Release|Any CPU
		{7EB0AC7E-AFC7-432D-9AB0-0B3F7F2CA4D9}.Debug|Any CPU.ActiveCfg = Debug|Any CPU
		{7EB0AC7E-AFC7-432D-9AB0-0B3F7F2CA4D9}.Debug|Any CPU.Build.0 = Debug|Any CPU
		{7EB0AC7E-AFC7-432D-9AB0-0B3F7F2CA4D9}.Release|Any CPU.ActiveCfg = Release|Any CPU
		{7EB0AC7E-AFC7-432D-9AB0-0B3F7F2CA4D9}.Release|Any CPU.Build.0 = Release|Any CPU
		{7328B382-9101-4FE4-A672-F487EABAF7DA}.Debug|Any CPU.ActiveCfg = Debug|Any CPU
		{7328B382-9101-4FE4-A672-F487EABAF7DA}.Debug|Any CPU.Build.0 = Debug|Any CPU
		{7328B382-9101-4FE4-A672-F487EABAF7DA}.Release|Any CPU.ActiveCfg = Release|Any CPU
		{7328B382-9101-4FE4-A672-F487EABAF7DA}.Release|Any CPU.Build.0 = Release|Any CPU
		{9833A737-3E19-4F79-9F7F-B57FACA69391}.Debug|Any CPU.ActiveCfg = Debug|Any CPU
		{9833A737-3E19-4F79-9F7F-B57FACA69391}.Debug|Any CPU.Build.0 = Debug|Any CPU
		{9833A737-3E19-4F79-9F7F-B57FACA69391}.Release|Any CPU.ActiveCfg = Release|Any CPU
		{9833A737-3E19-4F79-9F7F-B57FACA69391}.Release|Any CPU.Build.0 = Release|Any CPU
		{A59BE579-0888-41C9-82DE-51798EB110EE}.Debug|Any CPU.ActiveCfg = Debug|Any CPU
		{A59BE579-0888-41C9-82DE-51798EB110EE}.Debug|Any CPU.Build.0 = Debug|Any CPU
		{A59BE579-0888-41C9-82DE-51798EB110EE}.Release|Any CPU.ActiveCfg = Release|Any CPU
		{A59BE579-0888-41C9-82DE-51798EB110EE}.Release|Any CPU.Build.0 = Release|Any CPU
	EndGlobalSection
	GlobalSection(SolutionProperties) = preSolution
		HideSolutionNode = FALSE
	EndGlobalSection
	GlobalSection(ExtensibilityGlobals) = postSolution
		SolutionGuid = {386415EE-6C84-42CC-AC2B-0B84A53CCFAC}
	EndGlobalSection
EndGlobal
