
Microsoft Visual Studio Solution File, Format Version 12.00
# Visual Studio Version 16
VisualStudioVersion = 16.0.30011.22
MinimumVisualStudioVersion = 10.0.40219.1
Project("{8BC9CEB8-8B4A-11D0-8D11-00A0C91BC942}") = "LZ77", "LZ77\LZ77.vcxproj", "{2419E206-47E9-41BD-96AA-917B439B058A}"
EndProject
Global
	GlobalSection(SolutionConfigurationPlatforms) = preSolution
		Debug|x64 = Debug|x64
		Debug|x86 = Debug|x86
		Release|x64 = Release|x64
		Release|x86 = Release|x86
	EndGlobalSection
	GlobalSection(ProjectConfigurationPlatforms) = postSolution
		{2419E206-47E9-41BD-96AA-917B439B058A}.Debug|x64.ActiveCfg = Debug|x64
		{2419E206-47E9-41BD-96AA-917B439B058A}.Debug|x64.Build.0 = Debug|x64
		{2419E206-47E9-41BD-96AA-917B439B058A}.Debug|x86.ActiveCfg = Debug|Win32
		{2419E206-47E9-41BD-96AA-917B439B058A}.Debug|x86.Build.0 = Debug|Win32
		{2419E206-47E9-41BD-96AA-917B439B058A}.Release|x64.ActiveCfg = Release|x64
		{2419E206-47E9-41BD-96AA-917B439B058A}.Release|x64.Build.0 = Release|x64
		{2419E206-47E9-41BD-96AA-917B439B058A}.Release|x86.ActiveCfg = Release|Win32
		{2419E206-47E9-41BD-96AA-917B439B058A}.Release|x86.Build.0 = Release|Win32
	EndGlobalSection
	GlobalSection(SolutionProperties) = preSolution
		HideSolutionNode = FALSE
	EndGlobalSection
	GlobalSection(ExtensibilityGlobals) = postSolution
		SolutionGuid = {7ECAD8B9-7E0B-43A8-9911-C791884C2402}
	EndGlobalSection
EndGlobal
