
Microsoft Visual Studio Solution File, Format Version 12.00
# Visual Studio 14
VisualStudioVersion = 14.0.25420.1
MinimumVisualStudioVersion = 10.0.40219.1
Project("{8BC9CEB8-8B4A-11D0-8D11-00A0C91BC942}") = "n1", "lab 9\lab 9.vcxproj", "{F354F544-5AD0-4493-B09D-B2E467A359BA}"
EndProject
Project("{8BC9CEB8-8B4A-11D0-8D11-00A0C91BC942}") = "n4", "n4\n4.vcxproj", "{01BDAEF3-4841-4FD7-9C82-B47F799D325F}"
EndProject
Project("{8BC9CEB8-8B4A-11D0-8D11-00A0C91BC942}") = "n5", "n5\n5.vcxproj", "{616E5CE9-A3CD-4B2E-B2A8-1917E73A95A7}"
EndProject
Project("{8BC9CEB8-8B4A-11D0-8D11-00A0C91BC942}") = "n6", "n6\n6.vcxproj", "{14A78B47-C04D-4C7E-97EB-69038DA23E77}"
EndProject
Project("{8BC9CEB8-8B4A-11D0-8D11-00A0C91BC942}") = "n7", "n7\n7.vcxproj", "{A3466397-4F9C-4998-AA49-2C394D3ADDD9}"
EndProject
Project("{8BC9CEB8-8B4A-11D0-8D11-00A0C91BC942}") = "n8", "n8\n8.vcxproj", "{9B5D9256-4680-483C-9A49-61F9A6ACBBAE}"
EndProject
Project("{8BC9CEB8-8B4A-11D0-8D11-00A0C91BC942}") = "n9", "n9\n9.vcxproj", "{45E45541-2003-421D-9C1C-B06140063AD7}"
EndProject
Project("{8BC9CEB8-8B4A-11D0-8D11-00A0C91BC942}") = "n10", "n10\n10.vcxproj", "{C0D08B8A-79B2-484F-9C83-8F89E86BB801}"
EndProject
Project("{8BC9CEB8-8B4A-11D0-8D11-00A0C91BC942}") = "n11", "n11\n11.vcxproj", "{596E1984-7680-42D9-8008-59C4114BEDA2}"
EndProject
Project("{8BC9CEB8-8B4A-11D0-8D11-00A0C91BC942}") = "n12", "n12\n12.vcxproj", "{DF23078E-BB67-4EF0-831D-58DF66DD16DE}"
EndProject
Project("{8BC9CEB8-8B4A-11D0-8D11-00A0C91BC942}") = "n13", "n13\n13.vcxproj", "{95DA14DB-C629-4BC8-8893-68C8D981A060}"
EndProject
Project("{8BC9CEB8-8B4A-11D0-8D11-00A0C91BC942}") = "n14", "n14\n14.vcxproj", "{8E0ACED8-89B3-4351-83CD-4E0404F0EE0C}"
EndProject
Project("{8BC9CEB8-8B4A-11D0-8D11-00A0C91BC942}") = "n15", "n15\n15.vcxproj", "{71464B0C-9E22-4862-AAE5-820914326185}"
EndProject
Project("{8BC9CEB8-8B4A-11D0-8D11-00A0C91BC942}") = "n2", "n2\n2.vcxproj", "{E256A189-00DE-47CB-8ECC-593EB2A96C33}"
EndProject
Project("{8BC9CEB8-8B4A-11D0-8D11-00A0C91BC942}") = "n3", "n3\n3.vcxproj", "{CD042ADE-EDDF-46DC-B645-8257F05B2409}"
EndProject
Global
	GlobalSection(SolutionConfigurationPlatforms) = preSolution
		Debug|x64 = Debug|x64
		Debug|x86 = Debug|x86
		Release|x64 = Release|x64
		Release|x86 = Release|x86
	EndGlobalSection
	GlobalSection(ProjectConfigurationPlatforms) = postSolution
		{F354F544-5AD0-4493-B09D-B2E467A359BA}.Debug|x64.ActiveCfg = Debug|x64
		{F354F544-5AD0-4493-B09D-B2E467A359BA}.Debug|x64.Build.0 = Debug|x64
		{F354F544-5AD0-4493-B09D-B2E467A359BA}.Debug|x86.ActiveCfg = Debug|Win32
		{F354F544-5AD0-4493-B09D-B2E467A359BA}.Debug|x86.Build.0 = Debug|Win32
		{F354F544-5AD0-4493-B09D-B2E467A359BA}.Release|x64.ActiveCfg = Release|x64
		{F354F544-5AD0-4493-B09D-B2E467A359BA}.Release|x64.Build.0 = Release|x64
		{F354F544-5AD0-4493-B09D-B2E467A359BA}.Release|x86.ActiveCfg = Release|Win32
		{F354F544-5AD0-4493-B09D-B2E467A359BA}.Release|x86.Build.0 = Release|Win32
		{01BDAEF3-4841-4FD7-9C82-B47F799D325F}.Debug|x64.ActiveCfg = Debug|x64
		{01BDAEF3-4841-4FD7-9C82-B47F799D325F}.Debug|x64.Build.0 = Debug|x64
		{01BDAEF3-4841-4FD7-9C82-B47F799D325F}.Debug|x86.ActiveCfg = Debug|Win32
		{01BDAEF3-4841-4FD7-9C82-B47F799D325F}.Debug|x86.Build.0 = Debug|Win32
		{01BDAEF3-4841-4FD7-9C82-B47F799D325F}.Release|x64.ActiveCfg = Release|x64
		{01BDAEF3-4841-4FD7-9C82-B47F799D325F}.Release|x64.Build.0 = Release|x64
		{01BDAEF3-4841-4FD7-9C82-B47F799D325F}.Release|x86.ActiveCfg = Release|Win32
		{01BDAEF3-4841-4FD7-9C82-B47F799D325F}.Release|x86.Build.0 = Release|Win32
		{616E5CE9-A3CD-4B2E-B2A8-1917E73A95A7}.Debug|x64.ActiveCfg = Debug|x64
		{616E5CE9-A3CD-4B2E-B2A8-1917E73A95A7}.Debug|x64.Build.0 = Debug|x64
		{616E5CE9-A3CD-4B2E-B2A8-1917E73A95A7}.Debug|x86.ActiveCfg = Debug|Win32
		{616E5CE9-A3CD-4B2E-B2A8-1917E73A95A7}.Debug|x86.Build.0 = Debug|Win32
		{616E5CE9-A3CD-4B2E-B2A8-1917E73A95A7}.Release|x64.ActiveCfg = Release|x64
		{616E5CE9-A3CD-4B2E-B2A8-1917E73A95A7}.Release|x64.Build.0 = Release|x64
		{616E5CE9-A3CD-4B2E-B2A8-1917E73A95A7}.Release|x86.ActiveCfg = Release|Win32
		{616E5CE9-A3CD-4B2E-B2A8-1917E73A95A7}.Release|x86.Build.0 = Release|Win32
		{14A78B47-C04D-4C7E-97EB-69038DA23E77}.Debug|x64.ActiveCfg = Debug|x64
		{14A78B47-C04D-4C7E-97EB-69038DA23E77}.Debug|x64.Build.0 = Debug|x64
		{14A78B47-C04D-4C7E-97EB-69038DA23E77}.Debug|x86.ActiveCfg = Debug|Win32
		{14A78B47-C04D-4C7E-97EB-69038DA23E77}.Debug|x86.Build.0 = Debug|Win32
		{14A78B47-C04D-4C7E-97EB-69038DA23E77}.Release|x64.ActiveCfg = Release|x64
		{14A78B47-C04D-4C7E-97EB-69038DA23E77}.Release|x64.Build.0 = Release|x64
		{14A78B47-C04D-4C7E-97EB-69038DA23E77}.Release|x86.ActiveCfg = Release|Win32
		{14A78B47-C04D-4C7E-97EB-69038DA23E77}.Release|x86.Build.0 = Release|Win32
		{A3466397-4F9C-4998-AA49-2C394D3ADDD9}.Debug|x64.ActiveCfg = Debug|x64
		{A3466397-4F9C-4998-AA49-2C394D3ADDD9}.Debug|x64.Build.0 = Debug|x64
		{A3466397-4F9C-4998-AA49-2C394D3ADDD9}.Debug|x86.ActiveCfg = Debug|Win32
		{A3466397-4F9C-4998-AA49-2C394D3ADDD9}.Debug|x86.Build.0 = Debug|Win32
		{A3466397-4F9C-4998-AA49-2C394D3ADDD9}.Release|x64.ActiveCfg = Release|x64
		{A3466397-4F9C-4998-AA49-2C394D3ADDD9}.Release|x64.Build.0 = Release|x64
		{A3466397-4F9C-4998-AA49-2C394D3ADDD9}.Release|x86.ActiveCfg = Release|Win32
		{A3466397-4F9C-4998-AA49-2C394D3ADDD9}.Release|x86.Build.0 = Release|Win32
		{9B5D9256-4680-483C-9A49-61F9A6ACBBAE}.Debug|x64.ActiveCfg = Debug|x64
		{9B5D9256-4680-483C-9A49-61F9A6ACBBAE}.Debug|x64.Build.0 = Debug|x64
		{9B5D9256-4680-483C-9A49-61F9A6ACBBAE}.Debug|x86.ActiveCfg = Debug|Win32
		{9B5D9256-4680-483C-9A49-61F9A6ACBBAE}.Debug|x86.Build.0 = Debug|Win32
		{9B5D9256-4680-483C-9A49-61F9A6ACBBAE}.Release|x64.ActiveCfg = Release|x64
		{9B5D9256-4680-483C-9A49-61F9A6ACBBAE}.Release|x64.Build.0 = Release|x64
		{9B5D9256-4680-483C-9A49-61F9A6ACBBAE}.Release|x86.ActiveCfg = Release|Win32
		{9B5D9256-4680-483C-9A49-61F9A6ACBBAE}.Release|x86.Build.0 = Release|Win32
		{45E45541-2003-421D-9C1C-B06140063AD7}.Debug|x64.ActiveCfg = Debug|x64
		{45E45541-2003-421D-9C1C-B06140063AD7}.Debug|x64.Build.0 = Debug|x64
		{45E45541-2003-421D-9C1C-B06140063AD7}.Debug|x86.ActiveCfg = Debug|Win32
		{45E45541-2003-421D-9C1C-B06140063AD7}.Debug|x86.Build.0 = Debug|Win32
		{45E45541-2003-421D-9C1C-B06140063AD7}.Release|x64.ActiveCfg = Release|x64
		{45E45541-2003-421D-9C1C-B06140063AD7}.Release|x64.Build.0 = Release|x64
		{45E45541-2003-421D-9C1C-B06140063AD7}.Release|x86.ActiveCfg = Release|Win32
		{45E45541-2003-421D-9C1C-B06140063AD7}.Release|x86.Build.0 = Release|Win32
		{C0D08B8A-79B2-484F-9C83-8F89E86BB801}.Debug|x64.ActiveCfg = Debug|x64
		{C0D08B8A-79B2-484F-9C83-8F89E86BB801}.Debug|x64.Build.0 = Debug|x64
		{C0D08B8A-79B2-484F-9C83-8F89E86BB801}.Debug|x86.ActiveCfg = Debug|Win32
		{C0D08B8A-79B2-484F-9C83-8F89E86BB801}.Debug|x86.Build.0 = Debug|Win32
		{C0D08B8A-79B2-484F-9C83-8F89E86BB801}.Release|x64.ActiveCfg = Release|x64
		{C0D08B8A-79B2-484F-9C83-8F89E86BB801}.Release|x64.Build.0 = Release|x64
		{C0D08B8A-79B2-484F-9C83-8F89E86BB801}.Release|x86.ActiveCfg = Release|Win32
		{C0D08B8A-79B2-484F-9C83-8F89E86BB801}.Release|x86.Build.0 = Release|Win32
		{596E1984-7680-42D9-8008-59C4114BEDA2}.Debug|x64.ActiveCfg = Debug|x64
		{596E1984-7680-42D9-8008-59C4114BEDA2}.Debug|x64.Build.0 = Debug|x64
		{596E1984-7680-42D9-8008-59C4114BEDA2}.Debug|x86.ActiveCfg = Debug|Win32
		{596E1984-7680-42D9-8008-59C4114BEDA2}.Debug|x86.Build.0 = Debug|Win32
		{596E1984-7680-42D9-8008-59C4114BEDA2}.Release|x64.ActiveCfg = Release|x64
		{596E1984-7680-42D9-8008-59C4114BEDA2}.Release|x64.Build.0 = Release|x64
		{596E1984-7680-42D9-8008-59C4114BEDA2}.Release|x86.ActiveCfg = Release|Win32
		{596E1984-7680-42D9-8008-59C4114BEDA2}.Release|x86.Build.0 = Release|Win32
		{DF23078E-BB67-4EF0-831D-58DF66DD16DE}.Debug|x64.ActiveCfg = Debug|x64
		{DF23078E-BB67-4EF0-831D-58DF66DD16DE}.Debug|x64.Build.0 = Debug|x64
		{DF23078E-BB67-4EF0-831D-58DF66DD16DE}.Debug|x86.ActiveCfg = Debug|Win32
		{DF23078E-BB67-4EF0-831D-58DF66DD16DE}.Debug|x86.Build.0 = Debug|Win32
		{DF23078E-BB67-4EF0-831D-58DF66DD16DE}.Release|x64.ActiveCfg = Release|x64
		{DF23078E-BB67-4EF0-831D-58DF66DD16DE}.Release|x64.Build.0 = Release|x64
		{DF23078E-BB67-4EF0-831D-58DF66DD16DE}.Release|x86.ActiveCfg = Release|Win32
		{DF23078E-BB67-4EF0-831D-58DF66DD16DE}.Release|x86.Build.0 = Release|Win32
		{95DA14DB-C629-4BC8-8893-68C8D981A060}.Debug|x64.ActiveCfg = Debug|x64
		{95DA14DB-C629-4BC8-8893-68C8D981A060}.Debug|x64.Build.0 = Debug|x64
		{95DA14DB-C629-4BC8-8893-68C8D981A060}.Debug|x86.ActiveCfg = Debug|Win32
		{95DA14DB-C629-4BC8-8893-68C8D981A060}.Debug|x86.Build.0 = Debug|Win32
		{95DA14DB-C629-4BC8-8893-68C8D981A060}.Release|x64.ActiveCfg = Release|x64
		{95DA14DB-C629-4BC8-8893-68C8D981A060}.Release|x64.Build.0 = Release|x64
		{95DA14DB-C629-4BC8-8893-68C8D981A060}.Release|x86.ActiveCfg = Release|Win32
		{95DA14DB-C629-4BC8-8893-68C8D981A060}.Release|x86.Build.0 = Release|Win32
		{8E0ACED8-89B3-4351-83CD-4E0404F0EE0C}.Debug|x64.ActiveCfg = Debug|x64
		{8E0ACED8-89B3-4351-83CD-4E0404F0EE0C}.Debug|x64.Build.0 = Debug|x64
		{8E0ACED8-89B3-4351-83CD-4E0404F0EE0C}.Debug|x86.ActiveCfg = Debug|Win32
		{8E0ACED8-89B3-4351-83CD-4E0404F0EE0C}.Debug|x86.Build.0 = Debug|Win32
		{8E0ACED8-89B3-4351-83CD-4E0404F0EE0C}.Release|x64.ActiveCfg = Release|x64
		{8E0ACED8-89B3-4351-83CD-4E0404F0EE0C}.Release|x64.Build.0 = Release|x64
		{8E0ACED8-89B3-4351-83CD-4E0404F0EE0C}.Release|x86.ActiveCfg = Release|Win32
		{8E0ACED8-89B3-4351-83CD-4E0404F0EE0C}.Release|x86.Build.0 = Release|Win32
		{71464B0C-9E22-4862-AAE5-820914326185}.Debug|x64.ActiveCfg = Debug|x64
		{71464B0C-9E22-4862-AAE5-820914326185}.Debug|x64.Build.0 = Debug|x64
		{71464B0C-9E22-4862-AAE5-820914326185}.Debug|x86.ActiveCfg = Debug|Win32
		{71464B0C-9E22-4862-AAE5-820914326185}.Debug|x86.Build.0 = Debug|Win32
		{71464B0C-9E22-4862-AAE5-820914326185}.Release|x64.ActiveCfg = Release|x64
		{71464B0C-9E22-4862-AAE5-820914326185}.Release|x64.Build.0 = Release|x64
		{71464B0C-9E22-4862-AAE5-820914326185}.Release|x86.ActiveCfg = Release|Win32
		{71464B0C-9E22-4862-AAE5-820914326185}.Release|x86.Build.0 = Release|Win32
		{E256A189-00DE-47CB-8ECC-593EB2A96C33}.Debug|x64.ActiveCfg = Debug|x64
		{E256A189-00DE-47CB-8ECC-593EB2A96C33}.Debug|x64.Build.0 = Debug|x64
		{E256A189-00DE-47CB-8ECC-593EB2A96C33}.Debug|x86.ActiveCfg = Debug|Win32
		{E256A189-00DE-47CB-8ECC-593EB2A96C33}.Debug|x86.Build.0 = Debug|Win32
		{E256A189-00DE-47CB-8ECC-593EB2A96C33}.Release|x64.ActiveCfg = Release|x64
		{E256A189-00DE-47CB-8ECC-593EB2A96C33}.Release|x64.Build.0 = Release|x64
		{E256A189-00DE-47CB-8ECC-593EB2A96C33}.Release|x86.ActiveCfg = Release|Win32
		{E256A189-00DE-47CB-8ECC-593EB2A96C33}.Release|x86.Build.0 = Release|Win32
		{CD042ADE-EDDF-46DC-B645-8257F05B2409}.Debug|x64.ActiveCfg = Debug|x64
		{CD042ADE-EDDF-46DC-B645-8257F05B2409}.Debug|x64.Build.0 = Debug|x64
		{CD042ADE-EDDF-46DC-B645-8257F05B2409}.Debug|x86.ActiveCfg = Debug|Win32
		{CD042ADE-EDDF-46DC-B645-8257F05B2409}.Debug|x86.Build.0 = Debug|Win32
		{CD042ADE-EDDF-46DC-B645-8257F05B2409}.Release|x64.ActiveCfg = Release|x64
		{CD042ADE-EDDF-46DC-B645-8257F05B2409}.Release|x64.Build.0 = Release|x64
		{CD042ADE-EDDF-46DC-B645-8257F05B2409}.Release|x86.ActiveCfg = Release|Win32
		{CD042ADE-EDDF-46DC-B645-8257F05B2409}.Release|x86.Build.0 = Release|Win32
	EndGlobalSection
	GlobalSection(SolutionProperties) = preSolution
		HideSolutionNode = FALSE
	EndGlobalSection
EndGlobal
