
Microsoft Visual Studio Solution File, Format Version 12.00
# Visual Studio Version 16
VisualStudioVersion = 16.0.32106.194
MinimumVisualStudioVersion = 10.0.40219.1
Project("{FAE04EC0-301F-11D3-BF4B-00C04F79EFBC}") = "Exam", "Exam\Exam.csproj", "{D6C8DF33-871D-4239-8C10-8B4D4EF93980}"
EndProject
Project("{FAE04EC0-301F-11D3-BF4B-00C04F79EFBC}") = "ExamUnitTest", "ExamUnitTest\ExamUnitTest.csproj", "{F6516B57-5F52-4CE3-AE2B-B4F417068370}"
EndProject
Project("{FAE04EC0-301F-11D3-BF4B-00C04F79EFBC}") = "Black_box", "Black_box\Black_box.csproj", "{D691E89C-D0DA-4267-BE04-2E06FC17B936}"
EndProject
Global
	GlobalSection(SolutionConfigurationPlatforms) = preSolution
		Debug|Any CPU = Debug|Any CPU
		Release|Any CPU = Release|Any CPU
	EndGlobalSection
	GlobalSection(ProjectConfigurationPlatforms) = postSolution
		{D6C8DF33-871D-4239-8C10-8B4D4EF93980}.Debug|Any CPU.ActiveCfg = Debug|Any CPU
		{D6C8DF33-871D-4239-8C10-8B4D4EF93980}.Debug|Any CPU.Build.0 = Debug|Any CPU
		{D6C8DF33-871D-4239-8C10-8B4D4EF93980}.Release|Any CPU.ActiveCfg = Release|Any CPU
		{D6C8DF33-871D-4239-8C10-8B4D4EF93980}.Release|Any CPU.Build.0 = Release|Any CPU
		{F6516B57-5F52-4CE3-AE2B-B4F417068370}.Debug|Any CPU.ActiveCfg = Debug|Any CPU
		{F6516B57-5F52-4CE3-AE2B-B4F417068370}.Debug|Any CPU.Build.0 = Debug|Any CPU
		{F6516B57-5F52-4CE3-AE2B-B4F417068370}.Release|Any CPU.ActiveCfg = Release|Any CPU
		{F6516B57-5F52-4CE3-AE2B-B4F417068370}.Release|Any CPU.Build.0 = Release|Any CPU
		{D691E89C-D0DA-4267-BE04-2E06FC17B936}.Debug|Any CPU.ActiveCfg = Debug|Any CPU
		{D691E89C-D0DA-4267-BE04-2E06FC17B936}.Debug|Any CPU.Build.0 = Debug|Any CPU
		{D691E89C-D0DA-4267-BE04-2E06FC17B936}.Release|Any CPU.ActiveCfg = Release|Any CPU
		{D691E89C-D0DA-4267-BE04-2E06FC17B936}.Release|Any CPU.Build.0 = Release|Any CPU
	EndGlobalSection
	GlobalSection(SolutionProperties) = preSolution
		HideSolutionNode = FALSE
	EndGlobalSection
	GlobalSection(ExtensibilityGlobals) = postSolution
		SolutionGuid = {4DA4BFA6-3C11-4503-B65D-717F92A296B4}
	EndGlobalSection
EndGlobal
